// !$*UTF8*$!
{
	archiveVersion = 1;
	classes = {
	};
	objectVersion = 56;
	objects = {

/* Begin PBXBuildFile section */
		B50CEEA52A6D310100CF1C76 /* 01_1부터N까지M의배수합.swift in Sources */ = {isa = PBXBuildFile; fileRef = B50CEEA42A6D310100CF1C76 /* 01_1부터N까지M의배수합.swift */; };
		B50CEEB32A6E137100CF1C76 /* 02_자연수의합.swift in Sources */ = {isa = PBXBuildFile; fileRef = B50CEEB22A6E137100CF1C76 /* 02_자연수의합.swift */; };
		B50CEEB52A6E19F600CF1C76 /* 03_진약수의합.swift in Sources */ = {isa = PBXBuildFile; fileRef = B50CEEB42A6E19F600CF1C76 /* 03_진약수의합.swift */; };
		B50CEEB72A6F7A4700CF1C76 /* 04_나이차이.swift in Sources */ = {isa = PBXBuildFile; fileRef = B50CEEB62A6F7A4700CF1C76 /* 04_나이차이.swift */; };
		B50CEEB92A6F7FD700CF1C76 /* 05_나이계산.swift in Sources */ = {isa = PBXBuildFile; fileRef = B50CEEB82A6F7FD700CF1C76 /* 05_나이계산.swift */; };
		B53A35BB2A96E2B100B720BC /* 49_블록의최댓값.swift in Sources */ = {isa = PBXBuildFile; fileRef = B53A35BA2A96E2B100B720BC /* 49_블록의최댓값.swift */; };
		B53A35BD2A96EA0900B720BC /* 50_영지선택.swift in Sources */ = {isa = PBXBuildFile; fileRef = B53A35BC2A96EA0900B720BC /* 50_영지선택.swift */; };
		B53AD3E32A7750E800B83B33 /* 17_선생님퀴즈.swift in Sources */ = {isa = PBXBuildFile; fileRef = B53AD3E22A7750E800B83B33 /* 17_선생님퀴즈.swift */; };
		B53AD3E52A77548E00B83B33 /* 18_층간소음.swift in Sources */ = {isa = PBXBuildFile; fileRef = B53AD3E42A77548E00B83B33 /* 18_층간소음.swift */; };
		B53AD3E92A78A2C200B83B33 /* 19_분노유발자.swift in Sources */ = {isa = PBXBuildFile; fileRef = B53AD3E82A78A2C200B83B33 /* 19_분노유발자.swift */; };
		B53AD3EB2A78B1F600B83B33 /* 20_가위바위보.swift in Sources */ = {isa = PBXBuildFile; fileRef = B53AD3EA2A78B1F600B83B33 /* 20_가위바위보.swift */; };
		B53AD3F12A7BE5DA00B83B33 /* 21_카드게임.swift in Sources */ = {isa = PBXBuildFile; fileRef = B53AD3F02A7BE5DA00B83B33 /* 21_카드게임.swift */; };
		B53AD3F32A7BF17600B83B33 /* 22_온도의최대값.swift in Sources */ = {isa = PBXBuildFile; fileRef = B53AD3F22A7BF17600B83B33 /* 22_온도의최대값.swift */; };
		B53AD3F52A7C90AF00B83B33 /* 23_연속부분증가수열.swift in Sources */ = {isa = PBXBuildFile; fileRef = B53AD3F42A7C90AF00B83B33 /* 23_연속부분증가수열.swift */; };
		B53AD3F72A7C94AF00B83B33 /* 24_JollyJumpers.swift in Sources */ = {isa = PBXBuildFile; fileRef = B53AD3F62A7C94AF00B83B33 /* 24_JollyJumpers.swift */; };
		B53AD3F92A7F2C0700B83B33 /* 25_석차구하기.swift in Sources */ = {isa = PBXBuildFile; fileRef = B53AD3F82A7F2C0700B83B33 /* 25_석차구하기.swift */; };
		B53AD3FB2A7F306100B83B33 /* 26_말아톤.swift in Sources */ = {isa = PBXBuildFile; fileRef = B53AD3FA2A7F306100B83B33 /* 26_말아톤.swift */; };
		B53AD3FD2A807CE500B83B33 /* 27_N의표현법.swift in Sources */ = {isa = PBXBuildFile; fileRef = B53AD3FC2A807CE500B83B33 /* 27_N의표현법.swift */; };
		B53AD3FF2A80838400B83B33 /* 28_N의0의개수.swift in Sources */ = {isa = PBXBuildFile; fileRef = B53AD3FE2A80838400B83B33 /* 28_N의0의개수.swift */; };
		B53AD4012A81DB6300B83B33 /* 30_3의개수는.swift in Sources */ = {isa = PBXBuildFile; fileRef = B53AD4002A81DB6300B83B33 /* 30_3의개수는.swift */; };
		B53AD4032A832BCA00B83B33 /* 31_탄화수소질량.swift in Sources */ = {isa = PBXBuildFile; fileRef = B53AD4022A832BCA00B83B33 /* 31_탄화수소질량.swift */; };
		B53AD4052A833B8500B83B33 /* 32_선택정렬.swift in Sources */ = {isa = PBXBuildFile; fileRef = B53AD4042A833B8500B83B33 /* 32_선택정렬.swift */; };
		B53AD4072A847FCB00B83B33 /* 33_3등의성적은.swift in Sources */ = {isa = PBXBuildFile; fileRef = B53AD4062A847FCB00B83B33 /* 33_3등의성적은.swift */; };
		B53AD4092A84842800B83B33 /* 34_버블정렬.swift in Sources */ = {isa = PBXBuildFile; fileRef = B53AD4082A84842800B83B33 /* 34_버블정렬.swift */; };
		B53AD40B2A8B669400B83B33 /* 35_SpecialSort.swift in Sources */ = {isa = PBXBuildFile; fileRef = B53AD40A2A8B669400B83B33 /* 35_SpecialSort.swift */; };
		B53AD40D2A8B696800B83B33 /* 36_삽입정렬.swift in Sources */ = {isa = PBXBuildFile; fileRef = B53AD40C2A8B696800B83B33 /* 36_삽입정렬.swift */; };
		B53AD4152A8C5D4900B83B33 /* 37_LeastRecentlyUsed.swift in Sources */ = {isa = PBXBuildFile; fileRef = B53AD4142A8C5D4900B83B33 /* 37_LeastRecentlyUsed.swift */; };
		B53AD4172A8C67AC00B83B33 /* 38_InversionSequence.swift in Sources */ = {isa = PBXBuildFile; fileRef = B53AD4162A8C67AC00B83B33 /* 38_InversionSequence.swift */; };
		B53AD4202A8D9AE800B83B33 /* 39_두배열합치기.swift in Sources */ = {isa = PBXBuildFile; fileRef = B53AD41F2A8D9AE800B83B33 /* 39_두배열합치기.swift */; };
		B53AD4222A8DA90800B83B33 /* 40_교집합.swift in Sources */ = {isa = PBXBuildFile; fileRef = B53AD4212A8DA90800B83B33 /* 40_교집합.swift */; };
		B53AD4242A8F036E00B83B33 /* 41_연속된자연수의합.swift in Sources */ = {isa = PBXBuildFile; fileRef = B53AD4232A8F036E00B83B33 /* 41_연속된자연수의합.swift */; };
		B53AD4262A8F107800B83B33 /* 42_이분검색.swift in Sources */ = {isa = PBXBuildFile; fileRef = B53AD4252A8F107800B83B33 /* 42_이분검색.swift */; };
		B53AD4282A91A93D00B83B33 /* 43_뮤직비디오.swift in Sources */ = {isa = PBXBuildFile; fileRef = B53AD4272A91A93D00B83B33 /* 43_뮤직비디오.swift */; };
		B53AD42A2A91CA7B00B83B33 /* 44_마구간정하기.swift in Sources */ = {isa = PBXBuildFile; fileRef = B53AD4292A91CA7B00B83B33 /* 44_마구간정하기.swift */; };
		B53AD42C2A943AF700B83B33 /* 45_공주구하기.swift in Sources */ = {isa = PBXBuildFile; fileRef = B53AD42B2A943AF700B83B33 /* 45_공주구하기.swift */; };
		B53AD42E2A94430800B83B33 /* 46_멀티태스킹.swift in Sources */ = {isa = PBXBuildFile; fileRef = B53AD42D2A94430800B83B33 /* 46_멀티태스킹.swift */; };
		B544BB832991E43500485E31 /* 4673. 셀프 넘버.swift in Sources */ = {isa = PBXBuildFile; fileRef = B544BB822991E43500485E31 /* 4673. 셀프 넘버.swift */; };
		B544BB852991EA1A00485E31 /* 1065. 한수.swift in Sources */ = {isa = PBXBuildFile; fileRef = B544BB842991EA1A00485E31 /* 1065. 한수.swift */; };
		B54B72A72AA42F5A00D60E4B /* 65_미로탐색.swift in Sources */ = {isa = PBXBuildFile; fileRef = B54B72A62AA42F5A00D60E4B /* 65_미로탐색.swift */; };
		B54B72A92AA45C0300D60E4B /* MergeSort.swift in Sources */ = {isa = PBXBuildFile; fileRef = B54B72A82AA45C0300D60E4B /* MergeSort.swift */; };
		B54B72AB2AA4A04000D60E4B /* QuickSort.swift in Sources */ = {isa = PBXBuildFile; fileRef = B54B72AA2AA4A04000D60E4B /* QuickSort.swift */; };
		B54B72AD2AA5851500D60E4B /* 67_최소비용.swift in Sources */ = {isa = PBXBuildFile; fileRef = B54B72AC2AA5851500D60E4B /* 67_최소비용.swift */; };
		B54B72B12AA6BC4100D60E4B /* 69_이진트리넓이우선탐색.swift in Sources */ = {isa = PBXBuildFile; fileRef = B54B72B02AA6BC4100D60E4B /* 69_이진트리넓이우선탐색.swift */; };
		B54B72B32AA6C64700D60E4B /* 70_그래프최단거리.swift in Sources */ = {isa = PBXBuildFile; fileRef = B54B72B22AA6C64700D60E4B /* 70_그래프최단거리.swift */; };
		B54B72B52AA6D5AE00D60E4B /* HeapSort.swift in Sources */ = {isa = PBXBuildFile; fileRef = B54B72B42AA6D5AE00D60E4B /* HeapSort.swift */; };
		B550993D2959C1EB00B06316 /* 10818. 최소, 최대.swift in Sources */ = {isa = PBXBuildFile; fileRef = B550993C2959C1EB00B06316 /* 10818. 최소, 최대.swift */; };
		B550993F2959CB0D00B06316 /* 2562. 최댓값.swift in Sources */ = {isa = PBXBuildFile; fileRef = B550993E2959CB0D00B06316 /* 2562. 최댓값.swift */; };
		B55099412959DE8300B06316 /* 5597. 과제 안 내신 분..?.swift in Sources */ = {isa = PBXBuildFile; fileRef = B55099402959DE8300B06316 /* 5597. 과제 안 내신 분..?.swift */; };
		B55469D92AAAC2D4004D9FE6 /* 75_최대수입스케줄.swift in Sources */ = {isa = PBXBuildFile; fileRef = B55469D82AAAC2D4004D9FE6 /* 75_최대수입스케줄.swift */; };
		B5570AB52991F5D300D3760F /* Array.swift in Sources */ = {isa = PBXBuildFile; fileRef = B5570AB42991F5D300D3760F /* Array.swift */; };
		B5570AB82991F8A000D3760F /* 11654. 아스키 코드.swift in Sources */ = {isa = PBXBuildFile; fileRef = B5570AB72991F8A000D3760F /* 11654. 아스키 코드.swift */; };
		B5570ABA29920CCE00D3760F /* String.swift in Sources */ = {isa = PBXBuildFile; fileRef = B5570AB929920CCE00D3760F /* String.swift */; };
		B5570ABC29920FA500D3760F /* 11720. 숫자의 합.swift in Sources */ = {isa = PBXBuildFile; fileRef = B5570ABB29920FA500D3760F /* 11720. 숫자의 합.swift */; };
		B5570ABE2992115800D3760F /* 10809. 알파벳 찾기.swift in Sources */ = {isa = PBXBuildFile; fileRef = B5570ABD2992115800D3760F /* 10809. 알파벳 찾기.swift */; };
		B5570AC0299213C200D3760F /* 2675. 문자열 반복.swift in Sources */ = {isa = PBXBuildFile; fileRef = B5570ABF299213C200D3760F /* 2675. 문자열 반복.swift */; };
		B5570AC22992161F00D3760F /* 1157. 단어 공부.swift in Sources */ = {isa = PBXBuildFile; fileRef = B5570AC12992161F00D3760F /* 1157. 단어 공부.swift */; };
		B5570AC4299224E900D3760F /* 1152. 단어의 개수.swift in Sources */ = {isa = PBXBuildFile; fileRef = B5570AC3299224E900D3760F /* 1152. 단어의 개수.swift */; };
		B5570AC6299225F100D3760F /* 2908. 상수.swift in Sources */ = {isa = PBXBuildFile; fileRef = B5570AC5299225F100D3760F /* 2908. 상수.swift */; };
		B5570AC8299226EE00D3760F /* 5622. 다이얼.swift in Sources */ = {isa = PBXBuildFile; fileRef = B5570AC7299226EE00D3760F /* 5622. 다이얼.swift */; };
		B5570ACA29922BE500D3760F /* 2941. 크로아티아 알파벳.swift in Sources */ = {isa = PBXBuildFile; fileRef = B5570AC929922BE500D3760F /* 2941. 크로아티아 알파벳.swift */; };
		B5570ACC2992466E00D3760F /* 1316. 그룹 단어 체커.swift in Sources */ = {isa = PBXBuildFile; fileRef = B5570ACB2992466E00D3760F /* 1316. 그룹 단어 체커.swift */; };
		B5570ACF29924CD800D3760F /* 1712. 손익분기점.swift in Sources */ = {isa = PBXBuildFile; fileRef = B5570ACE29924CD800D3760F /* 1712. 손익분기점.swift */; };
		B5570AD12992501300D3760F /* 2292. 벌집.swift in Sources */ = {isa = PBXBuildFile; fileRef = B5570AD02992501300D3760F /* 2292. 벌집.swift */; };
		B5570AD32992598E00D3760F /* 1193. 분수찾기.swift in Sources */ = {isa = PBXBuildFile; fileRef = B5570AD22992598E00D3760F /* 1193. 분수찾기.swift */; };
		B5570AD52992842200D3760F /* 2869. 달팽이는 올라가고 싶다.swift in Sources */ = {isa = PBXBuildFile; fileRef = B5570AD42992842200D3760F /* 2869. 달팽이는 올라가고 싶다.swift */; };
		B5570AD72992906B00D3760F /* 10250. ACM 호텔.swift in Sources */ = {isa = PBXBuildFile; fileRef = B5570AD62992906B00D3760F /* 10250. ACM 호텔.swift */; };
		B5570AD929932BC300D3760F /* 2775. 부녀회장이 될테야.swift in Sources */ = {isa = PBXBuildFile; fileRef = B5570AD829932BC300D3760F /* 2775. 부녀회장이 될테야.swift */; };
		B5570ADB29933B8A00D3760F /* 2839. 설탕 배달.swift in Sources */ = {isa = PBXBuildFile; fileRef = B5570ADA29933B8A00D3760F /* 2839. 설탕 배달.swift */; };
		B5570ADD29938B3900D3760F /* 10757. 큰수 A+B.swift in Sources */ = {isa = PBXBuildFile; fileRef = B5570ADC29938B3900D3760F /* 10757. 큰수 A+B.swift */; };
		B57CB2D82A70BBD000474042 /* 06_숫자만추출.swift in Sources */ = {isa = PBXBuildFile; fileRef = B57CB2D72A70BBD000474042 /* 06_숫자만추출.swift */; };
		B57CB2DA2A70C54100474042 /* 07_영어단어복구.swift in Sources */ = {isa = PBXBuildFile; fileRef = B57CB2D92A70C54100474042 /* 07_영어단어복구.swift */; };
		B57CB2DC2A723DFF00474042 /* 08_올바른괄호.swift in Sources */ = {isa = PBXBuildFile; fileRef = B57CB2DB2A723DFF00474042 /* 08_올바른괄호.swift */; };
		B57CB2DE2A724CD500474042 /* 09_모두의약수.swift in Sources */ = {isa = PBXBuildFile; fileRef = B57CB2DD2A724CD500474042 /* 09_모두의약수.swift */; };
		B57CB2E02A736F0900474042 /* 10_자릿수의합.swift in Sources */ = {isa = PBXBuildFile; fileRef = B57CB2DF2A736F0900474042 /* 10_자릿수의합.swift */; };
		B57CB2E22A737C6100474042 /* 11_숫자의총개수.swift in Sources */ = {isa = PBXBuildFile; fileRef = B57CB2E12A737C6100474042 /* 11_숫자의총개수.swift */; };
		B57CB2E42A74B26200474042 /* 13_가장많이사용된자릿수.swift in Sources */ = {isa = PBXBuildFile; fileRef = B57CB2E32A74B26200474042 /* 13_가장많이사용된자릿수.swift */; };
		B57CB2E62A74BB3300474042 /* 14_뒤집은소수.swift in Sources */ = {isa = PBXBuildFile; fileRef = B57CB2E52A74BB3300474042 /* 14_뒤집은소수.swift */; };
		B57CB2E82A76100400474042 /* 15_소수의개수.swift in Sources */ = {isa = PBXBuildFile; fileRef = B57CB2E72A76100400474042 /* 15_소수의개수.swift */; };
		B57CB2EA2A76132800474042 /* 16_Anagram.swift in Sources */ = {isa = PBXBuildFile; fileRef = B57CB2E92A76132800474042 /* 16_Anagram.swift */; };
		B58CA2EF2A9AFB3500977592 /* 55_기차운행.swift in Sources */ = {isa = PBXBuildFile; fileRef = B58CA2EE2A9AFB3500977592 /* 55_기차운행.swift */; };
		B58CA2F12A9B032000977592 /* 56_재귀함수분석.swift in Sources */ = {isa = PBXBuildFile; fileRef = B58CA2F02A9B032000977592 /* 56_재귀함수분석.swift */; };
		B58CA2F32A9C2F2800977592 /* 57_재귀함수이진수출력.swift in Sources */ = {isa = PBXBuildFile; fileRef = B58CA2F22A9C2F2800977592 /* 57_재귀함수이진수출력.swift */; };
		B58CA2F52A9C34BD00977592 /* 58_이진트리깊이우선탐색.swift in Sources */ = {isa = PBXBuildFile; fileRef = B58CA2F42A9C34BD00977592 /* 58_이진트리깊이우선탐색.swift */; };
		B58CA30D2A9D826300977592 /* 59_부분집합.swift in Sources */ = {isa = PBXBuildFile; fileRef = B58CA30C2A9D826300977592 /* 59_부분집합.swift */; };
		B58CA30F2A9D874400977592 /* 60_합이같은부분집합.swift in Sources */ = {isa = PBXBuildFile; fileRef = B58CA30E2A9D874400977592 /* 60_합이같은부분집합.swift */; };
		B58CA31F2A9E9E7000977592 /* 61_특정수만들기.swift in Sources */ = {isa = PBXBuildFile; fileRef = B58CA31E2A9E9E7000977592 /* 61_특정수만들기.swift */; };
		B5A086082A9845CC00C8A98D /* 51_영지선택.swift in Sources */ = {isa = PBXBuildFile; fileRef = B5A086072A9845CC00C8A98D /* 51_영지선택.swift */; };
		B5A0860A2A98595A00C8A98D /* 52_UglyNumbers.swift in Sources */ = {isa = PBXBuildFile; fileRef = B5A086092A98595A00C8A98D /* 52_UglyNumbers.swift */; };
		B5A0860E2A99942900C8A98D /* 53_K진수출력.swift in Sources */ = {isa = PBXBuildFile; fileRef = B5A0860D2A99942900C8A98D /* 53_K진수출력.swift */; };
		B5A086122A999C9700C8A98D /* 54_올바른괄호.swift in Sources */ = {isa = PBXBuildFile; fileRef = B5A086112A999C9700C8A98D /* 54_올바른괄호.swift */; };
		B5ADC43B2A9588580077392D /* 47_봉우리.swift in Sources */ = {isa = PBXBuildFile; fileRef = B5ADC43A2A9588580077392D /* 47_봉우리.swift */; };
		B5ADC43D2A95927F0077392D /* 48_각행의평균과가장가까운값.swift in Sources */ = {isa = PBXBuildFile; fileRef = B5ADC43C2A95927F0077392D /* 48_각행의평균과가장가까운값.swift */; };
		B5AE11BF29CEE3ED00F86FF8 /* TimeMeasure.swift in Sources */ = {isa = PBXBuildFile; fileRef = B5AE11BE29CEE3ED00F86FF8 /* TimeMeasure.swift */; };
		B5AE11C329CEE9F700F86FF8 /* SelectionSort.swift in Sources */ = {isa = PBXBuildFile; fileRef = B5AE11C229CEE9F700F86FF8 /* SelectionSort.swift */; };
		B5AE11C929CEF2E300F86FF8 /* BubbleSort.swift in Sources */ = {isa = PBXBuildFile; fileRef = B5AE11C829CEF2E300F86FF8 /* BubbleSort.swift */; };
		B5AE11ED29D1A14100F86FF8 /* InsertionSort.swift in Sources */ = {isa = PBXBuildFile; fileRef = B5AE11EC29D1A14100F86FF8 /* InsertionSort.swift */; };
		B5C7FBF12AA81C9500862021 /* 71_송아지찾기.swift in Sources */ = {isa = PBXBuildFile; fileRef = B5C7FBF02AA81C9500862021 /* 71_송아지찾기.swift */; };
		B5C7FBF32AA8220900862021 /* 72_공주구하기.swift in Sources */ = {isa = PBXBuildFile; fileRef = B5C7FBF22AA8220900862021 /* 72_공주구하기.swift */; };
		B5C7FC122AA9611600862021 /* 73_최대힙.swift in Sources */ = {isa = PBXBuildFile; fileRef = B5C7FC112AA9611600862021 /* 73_최대힙.swift */; };
		B5C7FC142AA963BB00862021 /* 74_최소힙.swift in Sources */ = {isa = PBXBuildFile; fileRef = B5C7FC132AA963BB00862021 /* 74_최소힙.swift */; };
		B5C96C8C2952B61A00AC13E2 /* main.swift in Sources */ = {isa = PBXBuildFile; fileRef = B5C96C8B2952B61A00AC13E2 /* main.swift */; };
		B5C96C952952B8D000AC13E2 /* 입출력과 사칙연산.swift in Sources */ = {isa = PBXBuildFile; fileRef = B5C96C942952B8D000AC13E2 /* 입출력과 사칙연산.swift */; };
		B5C96C982952ED6500AC13E2 /* 1330. 두 수 비교하기.swift in Sources */ = {isa = PBXBuildFile; fileRef = B5C96C972952ED6500AC13E2 /* 1330. 두 수 비교하기.swift */; };
		B5C96C9A2952F04700AC13E2 /* 9498. 시험성적.swift in Sources */ = {isa = PBXBuildFile; fileRef = B5C96C992952F04700AC13E2 /* 9498. 시험성적.swift */; };
		B5C96C9C2952F1C000AC13E2 /* 2753. 윤년.swift in Sources */ = {isa = PBXBuildFile; fileRef = B5C96C9B2952F1C000AC13E2 /* 2753. 윤년.swift */; };
		B5C96C9E2952F4F900AC13E2 /* 14681. 사분면 고르기.swift in Sources */ = {isa = PBXBuildFile; fileRef = B5C96C9D2952F4F900AC13E2 /* 14681. 사분면 고르기.swift */; };
		B5C96CA02952F8ED00AC13E2 /* 2884. 알람 시계.swift in Sources */ = {isa = PBXBuildFile; fileRef = B5C96C9F2952F8ED00AC13E2 /* 2884. 알람 시계.swift */; };
		B5C96CA22952FC7000AC13E2 /* 2525. 오븐 시계.swift in Sources */ = {isa = PBXBuildFile; fileRef = B5C96CA12952FC7000AC13E2 /* 2525. 오븐 시계.swift */; };
		B5C96CA4295313DD00AC13E2 /* 2480. 주사위 세개.swift in Sources */ = {isa = PBXBuildFile; fileRef = B5C96CA3295313DD00AC13E2 /* 2480. 주사위 세개.swift */; };
		B5C96CA729531C1A00AC13E2 /* 2739. 구구단.swift in Sources */ = {isa = PBXBuildFile; fileRef = B5C96CA629531C1A00AC13E2 /* 2739. 구구단.swift */; };
		B5C96CA929531D8100AC13E2 /* 10950. A+B-3.swift in Sources */ = {isa = PBXBuildFile; fileRef = B5C96CA829531D8100AC13E2 /* 10950. A+B-3.swift */; };
		B5C96CAB29531F3600AC13E2 /* 8398. 합.swift in Sources */ = {isa = PBXBuildFile; fileRef = B5C96CAA29531F3600AC13E2 /* 8398. 합.swift */; };
		B5C96CAD2953207700AC13E2 /* 25304. 영수증.swift in Sources */ = {isa = PBXBuildFile; fileRef = B5C96CAC2953207700AC13E2 /* 25304. 영수증.swift */; };
		B5C96CAF295322E000AC13E2 /* 15552. 빠른 A+B.swift in Sources */ = {isa = PBXBuildFile; fileRef = B5C96CAE295322E000AC13E2 /* 15552. 빠른 A+B.swift */; };
		B5C96CB2295326B300AC13E2 /* FileIO.swift in Sources */ = {isa = PBXBuildFile; fileRef = B5C96CB1295326B300AC13E2 /* FileIO.swift */; };
		B5C96CB42953352700AC13E2 /* 11021. A+B-7.swift in Sources */ = {isa = PBXBuildFile; fileRef = B5C96CB32953352700AC13E2 /* 11021. A+B-7.swift */; };
		B5C96CB6295336B400AC13E2 /* 11022. A+B-8.swift in Sources */ = {isa = PBXBuildFile; fileRef = B5C96CB5295336B400AC13E2 /* 11022. A+B-8.swift */; };
		B5C96CB8295337B100AC13E2 /* 2438. 별 찍기-1.swift in Sources */ = {isa = PBXBuildFile; fileRef = B5C96CB7295337B100AC13E2 /* 2438. 별 찍기-1.swift */; };
		B5C96CBA2954225C00AC13E2 /* 2439. 별 찍기-2.swift in Sources */ = {isa = PBXBuildFile; fileRef = B5C96CB92954225C00AC13E2 /* 2439. 별 찍기-2.swift */; };
		B5C96CBC2954235900AC13E2 /* 10952. A+B-5.swift in Sources */ = {isa = PBXBuildFile; fileRef = B5C96CBB2954235900AC13E2 /* 10952. A+B-5.swift */; };
		B5F3F0FC2AA3138600FA1A32 /* 62_병합정렬.swift in Sources */ = {isa = PBXBuildFile; fileRef = B5F3F0FB2AA3138600FA1A32 /* 62_병합정렬.swift */; };
		B5F3F0FE2AA318AB00FA1A32 /* 63_인접행렬.swift in Sources */ = {isa = PBXBuildFile; fileRef = B5F3F0FD2AA318AB00FA1A32 /* 63_인접행렬.swift */; };
		B5F3F1002AA32DC300FA1A32 /* 64_경로탐색.swift in Sources */ = {isa = PBXBuildFile; fileRef = B5F3F0FF2AA32DC300FA1A32 /* 64_경로탐색.swift */; };
		B5F51660295426C200425BA8 /* 10951. A+B-4.swift in Sources */ = {isa = PBXBuildFile; fileRef = B5F5165F295426C200425BA8 /* 10951. A+B-4.swift */; };
		B5F51662295429F300425BA8 /* 1110. 더하기 사이클.swift in Sources */ = {isa = PBXBuildFile; fileRef = B5F51661295429F300425BA8 /* 1110. 더하기 사이클.swift */; };
		B5F5166429543B3800425BA8 /* Sort.swift in Sources */ = {isa = PBXBuildFile; fileRef = B5F5166329543B3800425BA8 /* Sort.swift */; };
		B5F516662954448A00425BA8 /* DFS.swift in Sources */ = {isa = PBXBuildFile; fileRef = B5F516652954448A00425BA8 /* DFS.swift */; };
		B5F516682954451800425BA8 /* BFS.swift in Sources */ = {isa = PBXBuildFile; fileRef = B5F516672954451800425BA8 /* BFS.swift */; };
		B5F5166A2954455D00425BA8 /* Queue.swift in Sources */ = {isa = PBXBuildFile; fileRef = B5F516692954455D00425BA8 /* Queue.swift */; };
		B5F5166D2955CD2600425BA8 /* 10807. 개수 세기.swift in Sources */ = {isa = PBXBuildFile; fileRef = B5F5166C2955CD2600425BA8 /* 10807. 개수 세기.swift */; };
		B5F516722955CE7600425BA8 /* 221222 네이버 코딩테스트.swift in Sources */ = {isa = PBXBuildFile; fileRef = B5F516712955CE7600425BA8 /* 221222 네이버 코딩테스트.swift */; };
		B5F516742955D1E800425BA8 /* 10871. X보다 작은 수.swift in Sources */ = {isa = PBXBuildFile; fileRef = B5F516732955D1E800425BA8 /* 10871. X보다 작은 수.swift */; };
		B5FD150429939EE2008342A9 /* 1978. 소수 찾기.swift in Sources */ = {isa = PBXBuildFile; fileRef = B5FD150329939EE2008342A9 /* 1978. 소수 찾기.swift */; };
		B5FD15062993A535008342A9 /* 2581. 소수.swift in Sources */ = {isa = PBXBuildFile; fileRef = B5FD15052993A535008342A9 /* 2581. 소수.swift */; };
		B5FD15082993A813008342A9 /* 11653. 소인수분해.swift in Sources */ = {isa = PBXBuildFile; fileRef = B5FD15072993A813008342A9 /* 11653. 소인수분해.swift */; };
		B5FD150A2993AE67008342A9 /* 1929. 소수 구하기.swift in Sources */ = {isa = PBXBuildFile; fileRef = B5FD15092993AE67008342A9 /* 1929. 소수 구하기.swift */; };
		B5FD150C2993C0B6008342A9 /* 4948. 베르트랑 공준.swift in Sources */ = {isa = PBXBuildFile; fileRef = B5FD150B2993C0B6008342A9 /* 4948. 베르트랑 공준.swift */; };
		B5FD150E2993EED6008342A9 /* 9020. 골드바흐의 추측.swift in Sources */ = {isa = PBXBuildFile; fileRef = B5FD150D2993EED6008342A9 /* 9020. 골드바흐의 추측.swift */; };
		B5FD1511299486D8008342A9 /* 2738. 행렬 덧셈.swift in Sources */ = {isa = PBXBuildFile; fileRef = B5FD1510299486D8008342A9 /* 2738. 행렬 덧셈.swift */; };
		B5FD151329948E8D008342A9 /* 2566. 최댓값.swift in Sources */ = {isa = PBXBuildFile; fileRef = B5FD151229948E8D008342A9 /* 2566. 최댓값.swift */; };
		B5FD15152994ABD2008342A9 /* 2563. 색종이.swift in Sources */ = {isa = PBXBuildFile; fileRef = B5FD15142994ABD2008342A9 /* 2563. 색종이.swift */; };
		B5FD151729959DF8008342A9 /* 3052. 나머지.swift in Sources */ = {isa = PBXBuildFile; fileRef = B5FD151629959DF8008342A9 /* 3052. 나머지.swift */; };
		B5FD151929959F11008342A9 /* 1546. 평균.swift in Sources */ = {isa = PBXBuildFile; fileRef = B5FD151829959F11008342A9 /* 1546. 평균.swift */; };
		B5FD151B2995A1F7008342A9 /* 8958. OX퀴즈.swift in Sources */ = {isa = PBXBuildFile; fileRef = B5FD151A2995A1F7008342A9 /* 8958. OX퀴즈.swift */; };
		B5FD151D2995A451008342A9 /* 4344. 평균은 넘겠지.swift in Sources */ = {isa = PBXBuildFile; fileRef = B5FD151C2995A451008342A9 /* 4344. 평균은 넘겠지.swift */; };
		B5FD155729974E76008342A9 /* 2750. 수 정렬하기.swift in Sources */ = {isa = PBXBuildFile; fileRef = B5FD155629974E76008342A9 /* 2750. 수 정렬하기.swift */; };
		B5FD1565299E40D9008342A9 /* 2587. 대표값2.swift in Sources */ = {isa = PBXBuildFile; fileRef = B5FD1564299E40D9008342A9 /* 2587. 대표값2.swift */; };
		B5FD1567299E42DC008342A9 /* 25305. 커트라인.swift in Sources */ = {isa = PBXBuildFile; fileRef = B5FD1566299E42DC008342A9 /* 25305. 커트라인.swift */; };
		B5FD1569299E6022008342A9 /* 2751. 수 정렬하기 2.swift in Sources */ = {isa = PBXBuildFile; fileRef = B5FD1568299E6022008342A9 /* 2751. 수 정렬하기 2.swift */; };
/* End PBXBuildFile section */

/* Begin PBXCopyFilesBuildPhase section */
		B5C96C862952B61A00AC13E2 /* CopyFiles */ = {
			isa = PBXCopyFilesBuildPhase;
			buildActionMask = 2147483647;
			dstPath = /usr/share/man/man1/;
			dstSubfolderSpec = 0;
			files = (
			);
			runOnlyForDeploymentPostprocessing = 1;
		};
/* End PBXCopyFilesBuildPhase section */

/* Begin PBXFileReference section */
		B50CEEA42A6D310100CF1C76 /* 01_1부터N까지M의배수합.swift */ = {isa = PBXFileReference; lastKnownFileType = sourcecode.swift; path = "01_1부터N까지M의배수합.swift"; sourceTree = "<group>"; };
		B50CEEB22A6E137100CF1C76 /* 02_자연수의합.swift */ = {isa = PBXFileReference; lastKnownFileType = sourcecode.swift; path = "02_자연수의합.swift"; sourceTree = "<group>"; };
		B50CEEB42A6E19F600CF1C76 /* 03_진약수의합.swift */ = {isa = PBXFileReference; lastKnownFileType = sourcecode.swift; path = "03_진약수의합.swift"; sourceTree = "<group>"; };
		B50CEEB62A6F7A4700CF1C76 /* 04_나이차이.swift */ = {isa = PBXFileReference; lastKnownFileType = sourcecode.swift; path = "04_나이차이.swift"; sourceTree = "<group>"; };
		B50CEEB82A6F7FD700CF1C76 /* 05_나이계산.swift */ = {isa = PBXFileReference; lastKnownFileType = sourcecode.swift; path = "05_나이계산.swift"; sourceTree = "<group>"; };
		B53A35BA2A96E2B100B720BC /* 49_블록의최댓값.swift */ = {isa = PBXFileReference; lastKnownFileType = sourcecode.swift; path = "49_블록의최댓값.swift"; sourceTree = "<group>"; };
		B53A35BC2A96EA0900B720BC /* 50_영지선택.swift */ = {isa = PBXFileReference; lastKnownFileType = sourcecode.swift; path = "50_영지선택.swift"; sourceTree = "<group>"; };
		B53AD3E22A7750E800B83B33 /* 17_선생님퀴즈.swift */ = {isa = PBXFileReference; lastKnownFileType = sourcecode.swift; path = "17_선생님퀴즈.swift"; sourceTree = "<group>"; };
		B53AD3E42A77548E00B83B33 /* 18_층간소음.swift */ = {isa = PBXFileReference; lastKnownFileType = sourcecode.swift; path = "18_층간소음.swift"; sourceTree = "<group>"; };
		B53AD3E82A78A2C200B83B33 /* 19_분노유발자.swift */ = {isa = PBXFileReference; lastKnownFileType = sourcecode.swift; path = "19_분노유발자.swift"; sourceTree = "<group>"; };
		B53AD3EA2A78B1F600B83B33 /* 20_가위바위보.swift */ = {isa = PBXFileReference; lastKnownFileType = sourcecode.swift; path = "20_가위바위보.swift"; sourceTree = "<group>"; };
		B53AD3F02A7BE5DA00B83B33 /* 21_카드게임.swift */ = {isa = PBXFileReference; lastKnownFileType = sourcecode.swift; path = "21_카드게임.swift"; sourceTree = "<group>"; };
		B53AD3F22A7BF17600B83B33 /* 22_온도의최대값.swift */ = {isa = PBXFileReference; lastKnownFileType = sourcecode.swift; path = "22_온도의최대값.swift"; sourceTree = "<group>"; };
		B53AD3F42A7C90AF00B83B33 /* 23_연속부분증가수열.swift */ = {isa = PBXFileReference; lastKnownFileType = sourcecode.swift; path = "23_연속부분증가수열.swift"; sourceTree = "<group>"; };
		B53AD3F62A7C94AF00B83B33 /* 24_JollyJumpers.swift */ = {isa = PBXFileReference; lastKnownFileType = sourcecode.swift; path = 24_JollyJumpers.swift; sourceTree = "<group>"; };
		B53AD3F82A7F2C0700B83B33 /* 25_석차구하기.swift */ = {isa = PBXFileReference; lastKnownFileType = sourcecode.swift; path = "25_석차구하기.swift"; sourceTree = "<group>"; };
		B53AD3FA2A7F306100B83B33 /* 26_말아톤.swift */ = {isa = PBXFileReference; lastKnownFileType = sourcecode.swift; path = "26_말아톤.swift"; sourceTree = "<group>"; };
		B53AD3FC2A807CE500B83B33 /* 27_N의표현법.swift */ = {isa = PBXFileReference; lastKnownFileType = sourcecode.swift; path = "27_N의표현법.swift"; sourceTree = "<group>"; };
		B53AD3FE2A80838400B83B33 /* 28_N의0의개수.swift */ = {isa = PBXFileReference; lastKnownFileType = sourcecode.swift; path = "28_N의0의개수.swift"; sourceTree = "<group>"; };
		B53AD4002A81DB6300B83B33 /* 30_3의개수는.swift */ = {isa = PBXFileReference; lastKnownFileType = sourcecode.swift; path = "30_3의개수는.swift"; sourceTree = "<group>"; };
		B53AD4022A832BCA00B83B33 /* 31_탄화수소질량.swift */ = {isa = PBXFileReference; lastKnownFileType = sourcecode.swift; path = "31_탄화수소질량.swift"; sourceTree = "<group>"; };
		B53AD4042A833B8500B83B33 /* 32_선택정렬.swift */ = {isa = PBXFileReference; lastKnownFileType = sourcecode.swift; path = "32_선택정렬.swift"; sourceTree = "<group>"; };
		B53AD4062A847FCB00B83B33 /* 33_3등의성적은.swift */ = {isa = PBXFileReference; lastKnownFileType = sourcecode.swift; path = "33_3등의성적은.swift"; sourceTree = "<group>"; };
		B53AD4082A84842800B83B33 /* 34_버블정렬.swift */ = {isa = PBXFileReference; lastKnownFileType = sourcecode.swift; path = "34_버블정렬.swift"; sourceTree = "<group>"; };
		B53AD40A2A8B669400B83B33 /* 35_SpecialSort.swift */ = {isa = PBXFileReference; lastKnownFileType = sourcecode.swift; path = 35_SpecialSort.swift; sourceTree = "<group>"; };
		B53AD40C2A8B696800B83B33 /* 36_삽입정렬.swift */ = {isa = PBXFileReference; lastKnownFileType = sourcecode.swift; path = "36_삽입정렬.swift"; sourceTree = "<group>"; };
		B53AD4142A8C5D4900B83B33 /* 37_LeastRecentlyUsed.swift */ = {isa = PBXFileReference; lastKnownFileType = sourcecode.swift; path = 37_LeastRecentlyUsed.swift; sourceTree = "<group>"; };
		B53AD4162A8C67AC00B83B33 /* 38_InversionSequence.swift */ = {isa = PBXFileReference; lastKnownFileType = sourcecode.swift; path = 38_InversionSequence.swift; sourceTree = "<group>"; };
		B53AD41F2A8D9AE800B83B33 /* 39_두배열합치기.swift */ = {isa = PBXFileReference; lastKnownFileType = sourcecode.swift; path = "39_두배열합치기.swift"; sourceTree = "<group>"; };
		B53AD4212A8DA90800B83B33 /* 40_교집합.swift */ = {isa = PBXFileReference; lastKnownFileType = sourcecode.swift; path = "40_교집합.swift"; sourceTree = "<group>"; };
		B53AD4232A8F036E00B83B33 /* 41_연속된자연수의합.swift */ = {isa = PBXFileReference; lastKnownFileType = sourcecode.swift; path = "41_연속된자연수의합.swift"; sourceTree = "<group>"; };
		B53AD4252A8F107800B83B33 /* 42_이분검색.swift */ = {isa = PBXFileReference; lastKnownFileType = sourcecode.swift; path = "42_이분검색.swift"; sourceTree = "<group>"; };
		B53AD4272A91A93D00B83B33 /* 43_뮤직비디오.swift */ = {isa = PBXFileReference; lastKnownFileType = sourcecode.swift; path = "43_뮤직비디오.swift"; sourceTree = "<group>"; };
		B53AD4292A91CA7B00B83B33 /* 44_마구간정하기.swift */ = {isa = PBXFileReference; lastKnownFileType = sourcecode.swift; path = "44_마구간정하기.swift"; sourceTree = "<group>"; };
		B53AD42B2A943AF700B83B33 /* 45_공주구하기.swift */ = {isa = PBXFileReference; lastKnownFileType = sourcecode.swift; path = "45_공주구하기.swift"; sourceTree = "<group>"; };
		B53AD42D2A94430800B83B33 /* 46_멀티태스킹.swift */ = {isa = PBXFileReference; lastKnownFileType = sourcecode.swift; path = "46_멀티태스킹.swift"; sourceTree = "<group>"; };
		B544BB822991E43500485E31 /* 4673. 셀프 넘버.swift */ = {isa = PBXFileReference; lastKnownFileType = sourcecode.swift; path = "4673. 셀프 넘버.swift"; sourceTree = "<group>"; };
		B544BB842991EA1A00485E31 /* 1065. 한수.swift */ = {isa = PBXFileReference; lastKnownFileType = sourcecode.swift; path = "1065. 한수.swift"; sourceTree = "<group>"; };
		B54B72A62AA42F5A00D60E4B /* 65_미로탐색.swift */ = {isa = PBXFileReference; lastKnownFileType = sourcecode.swift; path = "65_미로탐색.swift"; sourceTree = "<group>"; };
		B54B72A82AA45C0300D60E4B /* MergeSort.swift */ = {isa = PBXFileReference; lastKnownFileType = sourcecode.swift; path = MergeSort.swift; sourceTree = "<group>"; };
		B54B72AA2AA4A04000D60E4B /* QuickSort.swift */ = {isa = PBXFileReference; lastKnownFileType = sourcecode.swift; path = QuickSort.swift; sourceTree = "<group>"; };
		B54B72AC2AA5851500D60E4B /* 67_최소비용.swift */ = {isa = PBXFileReference; lastKnownFileType = sourcecode.swift; path = "67_최소비용.swift"; sourceTree = "<group>"; };
		B54B72B02AA6BC4100D60E4B /* 69_이진트리넓이우선탐색.swift */ = {isa = PBXFileReference; lastKnownFileType = sourcecode.swift; path = "69_이진트리넓이우선탐색.swift"; sourceTree = "<group>"; };
		B54B72B22AA6C64700D60E4B /* 70_그래프최단거리.swift */ = {isa = PBXFileReference; lastKnownFileType = sourcecode.swift; path = "70_그래프최단거리.swift"; sourceTree = "<group>"; };
		B54B72B42AA6D5AE00D60E4B /* HeapSort.swift */ = {isa = PBXFileReference; lastKnownFileType = sourcecode.swift; path = HeapSort.swift; sourceTree = "<group>"; };
		B550993C2959C1EB00B06316 /* 10818. 최소, 최대.swift */ = {isa = PBXFileReference; lastKnownFileType = sourcecode.swift; path = "10818. 최소, 최대.swift"; sourceTree = "<group>"; };
		B550993E2959CB0D00B06316 /* 2562. 최댓값.swift */ = {isa = PBXFileReference; lastKnownFileType = sourcecode.swift; path = "2562. 최댓값.swift"; sourceTree = "<group>"; };
		B55099402959DE8300B06316 /* 5597. 과제 안 내신 분..?.swift */ = {isa = PBXFileReference; lastKnownFileType = sourcecode.swift; path = "5597. 과제 안 내신 분..?.swift"; sourceTree = "<group>"; };
		B55469D82AAAC2D4004D9FE6 /* 75_최대수입스케줄.swift */ = {isa = PBXFileReference; lastKnownFileType = sourcecode.swift; path = "75_최대수입스케줄.swift"; sourceTree = "<group>"; };
		B5570AB42991F5D300D3760F /* Array.swift */ = {isa = PBXFileReference; lastKnownFileType = sourcecode.swift; path = Array.swift; sourceTree = "<group>"; };
		B5570AB72991F8A000D3760F /* 11654. 아스키 코드.swift */ = {isa = PBXFileReference; lastKnownFileType = sourcecode.swift; path = "11654. 아스키 코드.swift"; sourceTree = "<group>"; };
		B5570AB929920CCE00D3760F /* String.swift */ = {isa = PBXFileReference; lastKnownFileType = sourcecode.swift; path = String.swift; sourceTree = "<group>"; };
		B5570ABB29920FA500D3760F /* 11720. 숫자의 합.swift */ = {isa = PBXFileReference; lastKnownFileType = sourcecode.swift; path = "11720. 숫자의 합.swift"; sourceTree = "<group>"; };
		B5570ABD2992115800D3760F /* 10809. 알파벳 찾기.swift */ = {isa = PBXFileReference; lastKnownFileType = sourcecode.swift; path = "10809. 알파벳 찾기.swift"; sourceTree = "<group>"; };
		B5570ABF299213C200D3760F /* 2675. 문자열 반복.swift */ = {isa = PBXFileReference; lastKnownFileType = sourcecode.swift; path = "2675. 문자열 반복.swift"; sourceTree = "<group>"; };
		B5570AC12992161F00D3760F /* 1157. 단어 공부.swift */ = {isa = PBXFileReference; lastKnownFileType = sourcecode.swift; path = "1157. 단어 공부.swift"; sourceTree = "<group>"; };
		B5570AC3299224E900D3760F /* 1152. 단어의 개수.swift */ = {isa = PBXFileReference; lastKnownFileType = sourcecode.swift; path = "1152. 단어의 개수.swift"; sourceTree = "<group>"; };
		B5570AC5299225F100D3760F /* 2908. 상수.swift */ = {isa = PBXFileReference; lastKnownFileType = sourcecode.swift; path = "2908. 상수.swift"; sourceTree = "<group>"; };
		B5570AC7299226EE00D3760F /* 5622. 다이얼.swift */ = {isa = PBXFileReference; lastKnownFileType = sourcecode.swift; path = "5622. 다이얼.swift"; sourceTree = "<group>"; };
		B5570AC929922BE500D3760F /* 2941. 크로아티아 알파벳.swift */ = {isa = PBXFileReference; lastKnownFileType = sourcecode.swift; path = "2941. 크로아티아 알파벳.swift"; sourceTree = "<group>"; };
		B5570ACB2992466E00D3760F /* 1316. 그룹 단어 체커.swift */ = {isa = PBXFileReference; lastKnownFileType = sourcecode.swift; path = "1316. 그룹 단어 체커.swift"; sourceTree = "<group>"; };
		B5570ACE29924CD800D3760F /* 1712. 손익분기점.swift */ = {isa = PBXFileReference; lastKnownFileType = sourcecode.swift; path = "1712. 손익분기점.swift"; sourceTree = "<group>"; };
		B5570AD02992501300D3760F /* 2292. 벌집.swift */ = {isa = PBXFileReference; lastKnownFileType = sourcecode.swift; path = "2292. 벌집.swift"; sourceTree = "<group>"; };
		B5570AD22992598E00D3760F /* 1193. 분수찾기.swift */ = {isa = PBXFileReference; lastKnownFileType = sourcecode.swift; path = "1193. 분수찾기.swift"; sourceTree = "<group>"; };
		B5570AD42992842200D3760F /* 2869. 달팽이는 올라가고 싶다.swift */ = {isa = PBXFileReference; lastKnownFileType = sourcecode.swift; path = "2869. 달팽이는 올라가고 싶다.swift"; sourceTree = "<group>"; };
		B5570AD62992906B00D3760F /* 10250. ACM 호텔.swift */ = {isa = PBXFileReference; lastKnownFileType = sourcecode.swift; path = "10250. ACM 호텔.swift"; sourceTree = "<group>"; };
		B5570AD829932BC300D3760F /* 2775. 부녀회장이 될테야.swift */ = {isa = PBXFileReference; lastKnownFileType = sourcecode.swift; path = "2775. 부녀회장이 될테야.swift"; sourceTree = "<group>"; };
		B5570ADA29933B8A00D3760F /* 2839. 설탕 배달.swift */ = {isa = PBXFileReference; lastKnownFileType = sourcecode.swift; path = "2839. 설탕 배달.swift"; sourceTree = "<group>"; };
		B5570ADC29938B3900D3760F /* 10757. 큰수 A+B.swift */ = {isa = PBXFileReference; lastKnownFileType = sourcecode.swift; path = "10757. 큰수 A+B.swift"; sourceTree = "<group>"; };
		B57CB2D72A70BBD000474042 /* 06_숫자만추출.swift */ = {isa = PBXFileReference; lastKnownFileType = sourcecode.swift; path = "06_숫자만추출.swift"; sourceTree = "<group>"; };
		B57CB2D92A70C54100474042 /* 07_영어단어복구.swift */ = {isa = PBXFileReference; lastKnownFileType = sourcecode.swift; path = "07_영어단어복구.swift"; sourceTree = "<group>"; };
		B57CB2DB2A723DFF00474042 /* 08_올바른괄호.swift */ = {isa = PBXFileReference; lastKnownFileType = sourcecode.swift; path = "08_올바른괄호.swift"; sourceTree = "<group>"; };
		B57CB2DD2A724CD500474042 /* 09_모두의약수.swift */ = {isa = PBXFileReference; lastKnownFileType = sourcecode.swift; path = "09_모두의약수.swift"; sourceTree = "<group>"; };
		B57CB2DF2A736F0900474042 /* 10_자릿수의합.swift */ = {isa = PBXFileReference; lastKnownFileType = sourcecode.swift; path = "10_자릿수의합.swift"; sourceTree = "<group>"; };
		B57CB2E12A737C6100474042 /* 11_숫자의총개수.swift */ = {isa = PBXFileReference; lastKnownFileType = sourcecode.swift; path = "11_숫자의총개수.swift"; sourceTree = "<group>"; };
		B57CB2E32A74B26200474042 /* 13_가장많이사용된자릿수.swift */ = {isa = PBXFileReference; lastKnownFileType = sourcecode.swift; path = "13_가장많이사용된자릿수.swift"; sourceTree = "<group>"; };
		B57CB2E52A74BB3300474042 /* 14_뒤집은소수.swift */ = {isa = PBXFileReference; lastKnownFileType = sourcecode.swift; path = "14_뒤집은소수.swift"; sourceTree = "<group>"; };
		B57CB2E72A76100400474042 /* 15_소수의개수.swift */ = {isa = PBXFileReference; lastKnownFileType = sourcecode.swift; path = "15_소수의개수.swift"; sourceTree = "<group>"; };
		B57CB2E92A76132800474042 /* 16_Anagram.swift */ = {isa = PBXFileReference; lastKnownFileType = sourcecode.swift; path = 16_Anagram.swift; sourceTree = "<group>"; };
		B58CA2EE2A9AFB3500977592 /* 55_기차운행.swift */ = {isa = PBXFileReference; lastKnownFileType = sourcecode.swift; path = "55_기차운행.swift"; sourceTree = "<group>"; };
		B58CA2F02A9B032000977592 /* 56_재귀함수분석.swift */ = {isa = PBXFileReference; lastKnownFileType = sourcecode.swift; path = "56_재귀함수분석.swift"; sourceTree = "<group>"; };
		B58CA2F22A9C2F2800977592 /* 57_재귀함수이진수출력.swift */ = {isa = PBXFileReference; lastKnownFileType = sourcecode.swift; path = "57_재귀함수이진수출력.swift"; sourceTree = "<group>"; };
		B58CA2F42A9C34BD00977592 /* 58_이진트리깊이우선탐색.swift */ = {isa = PBXFileReference; lastKnownFileType = sourcecode.swift; path = "58_이진트리깊이우선탐색.swift"; sourceTree = "<group>"; };
		B58CA30C2A9D826300977592 /* 59_부분집합.swift */ = {isa = PBXFileReference; lastKnownFileType = sourcecode.swift; path = "59_부분집합.swift"; sourceTree = "<group>"; };
		B58CA30E2A9D874400977592 /* 60_합이같은부분집합.swift */ = {isa = PBXFileReference; lastKnownFileType = sourcecode.swift; path = "60_합이같은부분집합.swift"; sourceTree = "<group>"; };
		B58CA31E2A9E9E7000977592 /* 61_특정수만들기.swift */ = {isa = PBXFileReference; lastKnownFileType = sourcecode.swift; path = "61_특정수만들기.swift"; sourceTree = "<group>"; };
		B5A086072A9845CC00C8A98D /* 51_영지선택.swift */ = {isa = PBXFileReference; lastKnownFileType = sourcecode.swift; path = "51_영지선택.swift"; sourceTree = "<group>"; };
		B5A086092A98595A00C8A98D /* 52_UglyNumbers.swift */ = {isa = PBXFileReference; lastKnownFileType = sourcecode.swift; path = 52_UglyNumbers.swift; sourceTree = "<group>"; };
		B5A0860D2A99942900C8A98D /* 53_K진수출력.swift */ = {isa = PBXFileReference; lastKnownFileType = sourcecode.swift; path = "53_K진수출력.swift"; sourceTree = "<group>"; };
		B5A086112A999C9700C8A98D /* 54_올바른괄호.swift */ = {isa = PBXFileReference; lastKnownFileType = sourcecode.swift; path = "54_올바른괄호.swift"; sourceTree = "<group>"; };
		B5ADC43A2A9588580077392D /* 47_봉우리.swift */ = {isa = PBXFileReference; lastKnownFileType = sourcecode.swift; path = "47_봉우리.swift"; sourceTree = "<group>"; };
		B5ADC43C2A95927F0077392D /* 48_각행의평균과가장가까운값.swift */ = {isa = PBXFileReference; lastKnownFileType = sourcecode.swift; path = "48_각행의평균과가장가까운값.swift"; sourceTree = "<group>"; };
		B5AE11BE29CEE3ED00F86FF8 /* TimeMeasure.swift */ = {isa = PBXFileReference; lastKnownFileType = sourcecode.swift; path = TimeMeasure.swift; sourceTree = "<group>"; };
		B5AE11C229CEE9F700F86FF8 /* SelectionSort.swift */ = {isa = PBXFileReference; lastKnownFileType = sourcecode.swift; path = SelectionSort.swift; sourceTree = "<group>"; };
		B5AE11C829CEF2E300F86FF8 /* BubbleSort.swift */ = {isa = PBXFileReference; lastKnownFileType = sourcecode.swift; path = BubbleSort.swift; sourceTree = "<group>"; };
		B5AE11EC29D1A14100F86FF8 /* InsertionSort.swift */ = {isa = PBXFileReference; lastKnownFileType = sourcecode.swift; path = InsertionSort.swift; sourceTree = "<group>"; };
		B5C7FBF02AA81C9500862021 /* 71_송아지찾기.swift */ = {isa = PBXFileReference; lastKnownFileType = sourcecode.swift; path = "71_송아지찾기.swift"; sourceTree = "<group>"; };
		B5C7FBF22AA8220900862021 /* 72_공주구하기.swift */ = {isa = PBXFileReference; lastKnownFileType = sourcecode.swift; path = "72_공주구하기.swift"; sourceTree = "<group>"; };
		B5C7FC112AA9611600862021 /* 73_최대힙.swift */ = {isa = PBXFileReference; lastKnownFileType = sourcecode.swift; path = "73_최대힙.swift"; sourceTree = "<group>"; };
		B5C7FC132AA963BB00862021 /* 74_최소힙.swift */ = {isa = PBXFileReference; lastKnownFileType = sourcecode.swift; path = "74_최소힙.swift"; sourceTree = "<group>"; };
		B5C96C882952B61A00AC13E2 /* Algorithm-Swift */ = {isa = PBXFileReference; explicitFileType = "compiled.mach-o.executable"; includeInIndex = 0; path = "Algorithm-Swift"; sourceTree = BUILT_PRODUCTS_DIR; };
		B5C96C8B2952B61A00AC13E2 /* main.swift */ = {isa = PBXFileReference; lastKnownFileType = sourcecode.swift; path = main.swift; sourceTree = "<group>"; };
		B5C96C942952B8D000AC13E2 /* 입출력과 사칙연산.swift */ = {isa = PBXFileReference; lastKnownFileType = sourcecode.swift; path = "입출력과 사칙연산.swift"; sourceTree = "<group>"; };
		B5C96C972952ED6500AC13E2 /* 1330. 두 수 비교하기.swift */ = {isa = PBXFileReference; lastKnownFileType = sourcecode.swift; path = "1330. 두 수 비교하기.swift"; sourceTree = "<group>"; };
		B5C96C992952F04700AC13E2 /* 9498. 시험성적.swift */ = {isa = PBXFileReference; lastKnownFileType = sourcecode.swift; path = "9498. 시험성적.swift"; sourceTree = "<group>"; };
		B5C96C9B2952F1C000AC13E2 /* 2753. 윤년.swift */ = {isa = PBXFileReference; lastKnownFileType = sourcecode.swift; path = "2753. 윤년.swift"; sourceTree = "<group>"; };
		B5C96C9D2952F4F900AC13E2 /* 14681. 사분면 고르기.swift */ = {isa = PBXFileReference; lastKnownFileType = sourcecode.swift; path = "14681. 사분면 고르기.swift"; sourceTree = "<group>"; };
		B5C96C9F2952F8ED00AC13E2 /* 2884. 알람 시계.swift */ = {isa = PBXFileReference; lastKnownFileType = sourcecode.swift; path = "2884. 알람 시계.swift"; sourceTree = "<group>"; };
		B5C96CA12952FC7000AC13E2 /* 2525. 오븐 시계.swift */ = {isa = PBXFileReference; lastKnownFileType = sourcecode.swift; path = "2525. 오븐 시계.swift"; sourceTree = "<group>"; };
		B5C96CA3295313DD00AC13E2 /* 2480. 주사위 세개.swift */ = {isa = PBXFileReference; lastKnownFileType = sourcecode.swift; path = "2480. 주사위 세개.swift"; sourceTree = "<group>"; };
		B5C96CA629531C1A00AC13E2 /* 2739. 구구단.swift */ = {isa = PBXFileReference; lastKnownFileType = sourcecode.swift; path = "2739. 구구단.swift"; sourceTree = "<group>"; };
		B5C96CA829531D8100AC13E2 /* 10950. A+B-3.swift */ = {isa = PBXFileReference; lastKnownFileType = sourcecode.swift; path = "10950. A+B-3.swift"; sourceTree = "<group>"; };
		B5C96CAA29531F3600AC13E2 /* 8398. 합.swift */ = {isa = PBXFileReference; lastKnownFileType = sourcecode.swift; path = "8398. 합.swift"; sourceTree = "<group>"; };
		B5C96CAC2953207700AC13E2 /* 25304. 영수증.swift */ = {isa = PBXFileReference; lastKnownFileType = sourcecode.swift; path = "25304. 영수증.swift"; sourceTree = "<group>"; };
		B5C96CAE295322E000AC13E2 /* 15552. 빠른 A+B.swift */ = {isa = PBXFileReference; lastKnownFileType = sourcecode.swift; path = "15552. 빠른 A+B.swift"; sourceTree = "<group>"; };
		B5C96CB1295326B300AC13E2 /* FileIO.swift */ = {isa = PBXFileReference; lastKnownFileType = sourcecode.swift; path = FileIO.swift; sourceTree = "<group>"; };
		B5C96CB32953352700AC13E2 /* 11021. A+B-7.swift */ = {isa = PBXFileReference; lastKnownFileType = sourcecode.swift; path = "11021. A+B-7.swift"; sourceTree = "<group>"; };
		B5C96CB5295336B400AC13E2 /* 11022. A+B-8.swift */ = {isa = PBXFileReference; lastKnownFileType = sourcecode.swift; path = "11022. A+B-8.swift"; sourceTree = "<group>"; };
		B5C96CB7295337B100AC13E2 /* 2438. 별 찍기-1.swift */ = {isa = PBXFileReference; lastKnownFileType = sourcecode.swift; path = "2438. 별 찍기-1.swift"; sourceTree = "<group>"; };
		B5C96CB92954225C00AC13E2 /* 2439. 별 찍기-2.swift */ = {isa = PBXFileReference; lastKnownFileType = sourcecode.swift; path = "2439. 별 찍기-2.swift"; sourceTree = "<group>"; };
		B5C96CBB2954235900AC13E2 /* 10952. A+B-5.swift */ = {isa = PBXFileReference; lastKnownFileType = sourcecode.swift; path = "10952. A+B-5.swift"; sourceTree = "<group>"; };
		B5F3F0FB2AA3138600FA1A32 /* 62_병합정렬.swift */ = {isa = PBXFileReference; lastKnownFileType = sourcecode.swift; path = "62_병합정렬.swift"; sourceTree = "<group>"; };
		B5F3F0FD2AA318AB00FA1A32 /* 63_인접행렬.swift */ = {isa = PBXFileReference; lastKnownFileType = sourcecode.swift; path = "63_인접행렬.swift"; sourceTree = "<group>"; };
		B5F3F0FF2AA32DC300FA1A32 /* 64_경로탐색.swift */ = {isa = PBXFileReference; lastKnownFileType = sourcecode.swift; path = "64_경로탐색.swift"; sourceTree = "<group>"; };
		B5F5165F295426C200425BA8 /* 10951. A+B-4.swift */ = {isa = PBXFileReference; lastKnownFileType = sourcecode.swift; path = "10951. A+B-4.swift"; sourceTree = "<group>"; };
		B5F51661295429F300425BA8 /* 1110. 더하기 사이클.swift */ = {isa = PBXFileReference; lastKnownFileType = sourcecode.swift; path = "1110. 더하기 사이클.swift"; sourceTree = "<group>"; };
		B5F5166329543B3800425BA8 /* Sort.swift */ = {isa = PBXFileReference; lastKnownFileType = sourcecode.swift; path = Sort.swift; sourceTree = "<group>"; };
		B5F516652954448A00425BA8 /* DFS.swift */ = {isa = PBXFileReference; lastKnownFileType = sourcecode.swift; path = DFS.swift; sourceTree = "<group>"; };
		B5F516672954451800425BA8 /* BFS.swift */ = {isa = PBXFileReference; lastKnownFileType = sourcecode.swift; path = BFS.swift; sourceTree = "<group>"; };
		B5F516692954455D00425BA8 /* Queue.swift */ = {isa = PBXFileReference; lastKnownFileType = sourcecode.swift; path = Queue.swift; sourceTree = "<group>"; };
		B5F5166C2955CD2600425BA8 /* 10807. 개수 세기.swift */ = {isa = PBXFileReference; lastKnownFileType = sourcecode.swift; path = "10807. 개수 세기.swift"; sourceTree = "<group>"; };
		B5F516712955CE7600425BA8 /* 221222 네이버 코딩테스트.swift */ = {isa = PBXFileReference; lastKnownFileType = sourcecode.swift; path = "221222 네이버 코딩테스트.swift"; sourceTree = "<group>"; };
		B5F516732955D1E800425BA8 /* 10871. X보다 작은 수.swift */ = {isa = PBXFileReference; lastKnownFileType = sourcecode.swift; path = "10871. X보다 작은 수.swift"; sourceTree = "<group>"; };
		B5FD150329939EE2008342A9 /* 1978. 소수 찾기.swift */ = {isa = PBXFileReference; lastKnownFileType = sourcecode.swift; path = "1978. 소수 찾기.swift"; sourceTree = "<group>"; };
		B5FD15052993A535008342A9 /* 2581. 소수.swift */ = {isa = PBXFileReference; lastKnownFileType = sourcecode.swift; path = "2581. 소수.swift"; sourceTree = "<group>"; };
		B5FD15072993A813008342A9 /* 11653. 소인수분해.swift */ = {isa = PBXFileReference; lastKnownFileType = sourcecode.swift; path = "11653. 소인수분해.swift"; sourceTree = "<group>"; };
		B5FD15092993AE67008342A9 /* 1929. 소수 구하기.swift */ = {isa = PBXFileReference; lastKnownFileType = sourcecode.swift; path = "1929. 소수 구하기.swift"; sourceTree = "<group>"; };
		B5FD150B2993C0B6008342A9 /* 4948. 베르트랑 공준.swift */ = {isa = PBXFileReference; lastKnownFileType = sourcecode.swift; path = "4948. 베르트랑 공준.swift"; sourceTree = "<group>"; };
		B5FD150D2993EED6008342A9 /* 9020. 골드바흐의 추측.swift */ = {isa = PBXFileReference; lastKnownFileType = sourcecode.swift; path = "9020. 골드바흐의 추측.swift"; sourceTree = "<group>"; };
		B5FD1510299486D8008342A9 /* 2738. 행렬 덧셈.swift */ = {isa = PBXFileReference; lastKnownFileType = sourcecode.swift; path = "2738. 행렬 덧셈.swift"; sourceTree = "<group>"; };
		B5FD151229948E8D008342A9 /* 2566. 최댓값.swift */ = {isa = PBXFileReference; lastKnownFileType = sourcecode.swift; path = "2566. 최댓값.swift"; sourceTree = "<group>"; };
		B5FD15142994ABD2008342A9 /* 2563. 색종이.swift */ = {isa = PBXFileReference; lastKnownFileType = sourcecode.swift; path = "2563. 색종이.swift"; sourceTree = "<group>"; };
		B5FD151629959DF8008342A9 /* 3052. 나머지.swift */ = {isa = PBXFileReference; lastKnownFileType = sourcecode.swift; path = "3052. 나머지.swift"; sourceTree = "<group>"; };
		B5FD151829959F11008342A9 /* 1546. 평균.swift */ = {isa = PBXFileReference; lastKnownFileType = sourcecode.swift; path = "1546. 평균.swift"; sourceTree = "<group>"; };
		B5FD151A2995A1F7008342A9 /* 8958. OX퀴즈.swift */ = {isa = PBXFileReference; lastKnownFileType = sourcecode.swift; path = "8958. OX퀴즈.swift"; sourceTree = "<group>"; };
		B5FD151C2995A451008342A9 /* 4344. 평균은 넘겠지.swift */ = {isa = PBXFileReference; lastKnownFileType = sourcecode.swift; path = "4344. 평균은 넘겠지.swift"; sourceTree = "<group>"; };
		B5FD155629974E76008342A9 /* 2750. 수 정렬하기.swift */ = {isa = PBXFileReference; lastKnownFileType = sourcecode.swift; path = "2750. 수 정렬하기.swift"; sourceTree = "<group>"; };
		B5FD1564299E40D9008342A9 /* 2587. 대표값2.swift */ = {isa = PBXFileReference; lastKnownFileType = sourcecode.swift; path = "2587. 대표값2.swift"; sourceTree = "<group>"; };
		B5FD1566299E42DC008342A9 /* 25305. 커트라인.swift */ = {isa = PBXFileReference; lastKnownFileType = sourcecode.swift; path = "25305. 커트라인.swift"; sourceTree = "<group>"; };
		B5FD1568299E6022008342A9 /* 2751. 수 정렬하기 2.swift */ = {isa = PBXFileReference; lastKnownFileType = sourcecode.swift; path = "2751. 수 정렬하기 2.swift"; sourceTree = "<group>"; };
/* End PBXFileReference section */

/* Begin PBXFrameworksBuildPhase section */
		B5C96C852952B61A00AC13E2 /* Frameworks */ = {
			isa = PBXFrameworksBuildPhase;
			buildActionMask = 2147483647;
			files = (
			);
			runOnlyForDeploymentPostprocessing = 0;
		};
/* End PBXFrameworksBuildPhase section */

/* Begin PBXGroup section */
		B50CEEA32A6D30D300CF1C76 /* Inflearn */ = {
			isa = PBXGroup;
			children = (
				B50CEEA42A6D310100CF1C76 /* 01_1부터N까지M의배수합.swift */,
				B50CEEB22A6E137100CF1C76 /* 02_자연수의합.swift */,
				B50CEEB42A6E19F600CF1C76 /* 03_진약수의합.swift */,
				B50CEEB62A6F7A4700CF1C76 /* 04_나이차이.swift */,
				B50CEEB82A6F7FD700CF1C76 /* 05_나이계산.swift */,
				B57CB2D72A70BBD000474042 /* 06_숫자만추출.swift */,
				B57CB2D92A70C54100474042 /* 07_영어단어복구.swift */,
				B57CB2DB2A723DFF00474042 /* 08_올바른괄호.swift */,
				B57CB2DD2A724CD500474042 /* 09_모두의약수.swift */,
				B57CB2DF2A736F0900474042 /* 10_자릿수의합.swift */,
				B57CB2E12A737C6100474042 /* 11_숫자의총개수.swift */,
				B57CB2E32A74B26200474042 /* 13_가장많이사용된자릿수.swift */,
				B57CB2E52A74BB3300474042 /* 14_뒤집은소수.swift */,
				B57CB2E72A76100400474042 /* 15_소수의개수.swift */,
				B57CB2E92A76132800474042 /* 16_Anagram.swift */,
				B53AD3E22A7750E800B83B33 /* 17_선생님퀴즈.swift */,
				B53AD3E42A77548E00B83B33 /* 18_층간소음.swift */,
				B53AD3E82A78A2C200B83B33 /* 19_분노유발자.swift */,
				B53AD3EA2A78B1F600B83B33 /* 20_가위바위보.swift */,
				B53AD3F02A7BE5DA00B83B33 /* 21_카드게임.swift */,
				B53AD3F22A7BF17600B83B33 /* 22_온도의최대값.swift */,
				B53AD3F42A7C90AF00B83B33 /* 23_연속부분증가수열.swift */,
				B53AD3F62A7C94AF00B83B33 /* 24_JollyJumpers.swift */,
				B53AD3F82A7F2C0700B83B33 /* 25_석차구하기.swift */,
				B53AD3FA2A7F306100B83B33 /* 26_말아톤.swift */,
				B53AD3FC2A807CE500B83B33 /* 27_N의표현법.swift */,
				B53AD3FE2A80838400B83B33 /* 28_N의0의개수.swift */,
				B53AD4002A81DB6300B83B33 /* 30_3의개수는.swift */,
				B53AD4022A832BCA00B83B33 /* 31_탄화수소질량.swift */,
				B53AD4042A833B8500B83B33 /* 32_선택정렬.swift */,
				B53AD4062A847FCB00B83B33 /* 33_3등의성적은.swift */,
				B53AD4082A84842800B83B33 /* 34_버블정렬.swift */,
				B53AD40A2A8B669400B83B33 /* 35_SpecialSort.swift */,
				B53AD40C2A8B696800B83B33 /* 36_삽입정렬.swift */,
				B53AD4142A8C5D4900B83B33 /* 37_LeastRecentlyUsed.swift */,
				B53AD4162A8C67AC00B83B33 /* 38_InversionSequence.swift */,
				B53AD41F2A8D9AE800B83B33 /* 39_두배열합치기.swift */,
				B53AD4212A8DA90800B83B33 /* 40_교집합.swift */,
				B53AD4232A8F036E00B83B33 /* 41_연속된자연수의합.swift */,
				B53AD4252A8F107800B83B33 /* 42_이분검색.swift */,
				B53AD4272A91A93D00B83B33 /* 43_뮤직비디오.swift */,
				B53AD4292A91CA7B00B83B33 /* 44_마구간정하기.swift */,
				B53AD42B2A943AF700B83B33 /* 45_공주구하기.swift */,
				B53AD42D2A94430800B83B33 /* 46_멀티태스킹.swift */,
				B5ADC43A2A9588580077392D /* 47_봉우리.swift */,
				B5ADC43C2A95927F0077392D /* 48_각행의평균과가장가까운값.swift */,
				B53A35BA2A96E2B100B720BC /* 49_블록의최댓값.swift */,
				B53A35BC2A96EA0900B720BC /* 50_영지선택.swift */,
				B5A086072A9845CC00C8A98D /* 51_영지선택.swift */,
				B5A086092A98595A00C8A98D /* 52_UglyNumbers.swift */,
				B5A0860D2A99942900C8A98D /* 53_K진수출력.swift */,
				B5A086112A999C9700C8A98D /* 54_올바른괄호.swift */,
				B58CA2EE2A9AFB3500977592 /* 55_기차운행.swift */,
				B58CA2F02A9B032000977592 /* 56_재귀함수분석.swift */,
				B58CA2F22A9C2F2800977592 /* 57_재귀함수이진수출력.swift */,
				B58CA2F42A9C34BD00977592 /* 58_이진트리깊이우선탐색.swift */,
				B58CA30C2A9D826300977592 /* 59_부분집합.swift */,
				B58CA30E2A9D874400977592 /* 60_합이같은부분집합.swift */,
				B58CA31E2A9E9E7000977592 /* 61_특정수만들기.swift */,
				B5F3F0FB2AA3138600FA1A32 /* 62_병합정렬.swift */,
				B5F3F0FD2AA318AB00FA1A32 /* 63_인접행렬.swift */,
				B5F3F0FF2AA32DC300FA1A32 /* 64_경로탐색.swift */,
				B54B72A62AA42F5A00D60E4B /* 65_미로탐색.swift */,
				B54B72AC2AA5851500D60E4B /* 67_최소비용.swift */,
				B54B72B02AA6BC4100D60E4B /* 69_이진트리넓이우선탐색.swift */,
				B54B72B22AA6C64700D60E4B /* 70_그래프최단거리.swift */,
				B5C7FBF02AA81C9500862021 /* 71_송아지찾기.swift */,
				B5C7FBF22AA8220900862021 /* 72_공주구하기.swift */,
				B5C7FC112AA9611600862021 /* 73_최대힙.swift */,
				B5C7FC132AA963BB00862021 /* 74_최소힙.swift */,
				B55469D82AAAC2D4004D9FE6 /* 75_최대수입스케줄.swift */,
			);
			path = Inflearn;
			sourceTree = "<group>";
		};
		B544BB812991E42000485E31 /* 함수 */ = {
			isa = PBXGroup;
			children = (
				B544BB822991E43500485E31 /* 4673. 셀프 넘버.swift */,
				B544BB842991EA1A00485E31 /* 1065. 한수.swift */,
			);
			name = "함수";
			path = "함수";
			sourceTree = "<group>";
		};
		B5570AB62991F87F00D3760F /* 문자열 */ = {
			isa = PBXGroup;
			children = (
				B5570AB72991F8A000D3760F /* 11654. 아스키 코드.swift */,
				B5570ABB29920FA500D3760F /* 11720. 숫자의 합.swift */,
				B5570ABD2992115800D3760F /* 10809. 알파벳 찾기.swift */,
				B5570ABF299213C200D3760F /* 2675. 문자열 반복.swift */,
				B5570AC12992161F00D3760F /* 1157. 단어 공부.swift */,
				B5570AC3299224E900D3760F /* 1152. 단어의 개수.swift */,
				B5570AC5299225F100D3760F /* 2908. 상수.swift */,
				B5570AC7299226EE00D3760F /* 5622. 다이얼.swift */,
				B5570AC929922BE500D3760F /* 2941. 크로아티아 알파벳.swift */,
				B5570ACB2992466E00D3760F /* 1316. 그룹 단어 체커.swift */,
			);
			name = "문자열";
			path = "문자열";
			sourceTree = "<group>";
		};
		B5570ACD29924CC800D3760F /* 기본 수학 1 */ = {
			isa = PBXGroup;
			children = (
				B5570ACE29924CD800D3760F /* 1712. 손익분기점.swift */,
				B5570AD02992501300D3760F /* 2292. 벌집.swift */,
				B5570AD22992598E00D3760F /* 1193. 분수찾기.swift */,
				B5570AD42992842200D3760F /* 2869. 달팽이는 올라가고 싶다.swift */,
				B5570AD62992906B00D3760F /* 10250. ACM 호텔.swift */,
				B5570AD829932BC300D3760F /* 2775. 부녀회장이 될테야.swift */,
				B5570ADA29933B8A00D3760F /* 2839. 설탕 배달.swift */,
				B5570ADC29938B3900D3760F /* 10757. 큰수 A+B.swift */,
			);
			name = "기본 수학 1";
			path = "기본 수학 1";
			sourceTree = "<group>";
		};
		B5AE11C029CEE9E600F86FF8 /* Sort */ = {
			isa = PBXGroup;
			children = (
				B5F5166329543B3800425BA8 /* Sort.swift */,
				B5AE11C229CEE9F700F86FF8 /* SelectionSort.swift */,
				B5AE11C829CEF2E300F86FF8 /* BubbleSort.swift */,
				B5AE11EC29D1A14100F86FF8 /* InsertionSort.swift */,
				B54B72A82AA45C0300D60E4B /* MergeSort.swift */,
				B54B72AA2AA4A04000D60E4B /* QuickSort.swift */,
				B54B72B42AA6D5AE00D60E4B /* HeapSort.swift */,
			);
			path = Sort;
			sourceTree = "<group>";
		};
		B5AE11C429CEEA3000F86FF8 /* Utility */ = {
			isa = PBXGroup;
			children = (
				B5AE11BE29CEE3ED00F86FF8 /* TimeMeasure.swift */,
				B5AE11C029CEE9E600F86FF8 /* Sort */,
				B5AE11C529CEEA9500F86FF8 /* IO */,
			);
			path = Utility;
			sourceTree = "<group>";
		};
		B5AE11C529CEEA9500F86FF8 /* IO */ = {
			isa = PBXGroup;
			children = (
				B5C96CB1295326B300AC13E2 /* FileIO.swift */,
			);
			path = IO;
			sourceTree = "<group>";
		};
		B5AE11C629CEEABF00F86FF8 /* Type */ = {
			isa = PBXGroup;
			children = (
				B5570AB929920CCE00D3760F /* String.swift */,
			);
			path = Type;
			sourceTree = "<group>";
		};
		B5C96C7F2952B61A00AC13E2 = {
			isa = PBXGroup;
			children = (
				B5C96C8A2952B61A00AC13E2 /* Algorithm-Swift */,
				B5C96C892952B61A00AC13E2 /* Products */,
			);
			sourceTree = "<group>";
		};
		B5C96C892952B61A00AC13E2 /* Products */ = {
			isa = PBXGroup;
			children = (
				B5C96C882952B61A00AC13E2 /* Algorithm-Swift */,
			);
			name = Products;
			sourceTree = "<group>";
		};
		B5C96C8A2952B61A00AC13E2 /* Algorithm-Swift */ = {
			isa = PBXGroup;
			children = (
				B5C96C8B2952B61A00AC13E2 /* main.swift */,
				B5AE11C429CEEA3000F86FF8 /* Utility */,
				B5AE11C629CEEABF00F86FF8 /* Type */,
				B5C96CB02953269F00AC13E2 /* Data Structure */,
				B50CEEA32A6D30D300CF1C76 /* Inflearn */,
				B5C96C932952B8A300AC13E2 /* Programmers */,
				B5C96C922952B89900AC13E2 /* Baekjoon */,
				B5F5166E2955CE3100425BA8 /* 코딩테스트 */,
			);
			path = "Algorithm-Swift";
			sourceTree = "<group>";
		};
		B5C96C922952B89900AC13E2 /* Baekjoon */ = {
			isa = PBXGroup;
			children = (
				B5C96C942952B8D000AC13E2 /* 입출력과 사칙연산.swift */,
				B5C96C962952ED4700AC13E2 /* 조건문 */,
				B5C96CA529531C0900AC13E2 /* 반복문 */,
				B5F5166B2955A7A900425BA8 /* 1차원 배열 */,
				B544BB812991E42000485E31 /* 함수 */,
				B5570AB62991F87F00D3760F /* 문자열 */,
				B5570ACD29924CC800D3760F /* 기본 수학 1 */,
				B5FD150229939EC8008342A9 /* 기본 수학 2 */,
				B5FD150F299486B2008342A9 /* 2차원 배열 */,
				B5FD155529974E61008342A9 /* 정렬 */,
			);
			path = Baekjoon;
			sourceTree = "<group>";
		};
		B5C96C932952B8A300AC13E2 /* Programmers */ = {
			isa = PBXGroup;
			children = (
			);
			path = Programmers;
			sourceTree = "<group>";
		};
		B5C96C962952ED4700AC13E2 /* 조건문 */ = {
			isa = PBXGroup;
			children = (
				B5C96C972952ED6500AC13E2 /* 1330. 두 수 비교하기.swift */,
				B5C96C992952F04700AC13E2 /* 9498. 시험성적.swift */,
				B5C96C9B2952F1C000AC13E2 /* 2753. 윤년.swift */,
				B5C96C9D2952F4F900AC13E2 /* 14681. 사분면 고르기.swift */,
				B5C96C9F2952F8ED00AC13E2 /* 2884. 알람 시계.swift */,
				B5C96CA12952FC7000AC13E2 /* 2525. 오븐 시계.swift */,
				B5C96CA3295313DD00AC13E2 /* 2480. 주사위 세개.swift */,
			);
			name = "조건문";
			path = "조건문";
			sourceTree = "<group>";
		};
		B5C96CA529531C0900AC13E2 /* 반복문 */ = {
			isa = PBXGroup;
			children = (
				B5C96CA629531C1A00AC13E2 /* 2739. 구구단.swift */,
				B5C96CA829531D8100AC13E2 /* 10950. A+B-3.swift */,
				B5C96CAA29531F3600AC13E2 /* 8398. 합.swift */,
				B5C96CAC2953207700AC13E2 /* 25304. 영수증.swift */,
				B5C96CAE295322E000AC13E2 /* 15552. 빠른 A+B.swift */,
				B5C96CB32953352700AC13E2 /* 11021. A+B-7.swift */,
				B5C96CB5295336B400AC13E2 /* 11022. A+B-8.swift */,
				B5C96CB7295337B100AC13E2 /* 2438. 별 찍기-1.swift */,
				B5C96CB92954225C00AC13E2 /* 2439. 별 찍기-2.swift */,
				B5C96CBB2954235900AC13E2 /* 10952. A+B-5.swift */,
				B5F5165F295426C200425BA8 /* 10951. A+B-4.swift */,
				B5F51661295429F300425BA8 /* 1110. 더하기 사이클.swift */,
			);
			name = "반복문";
			path = "반복문";
			sourceTree = "<group>";
		};
		B5C96CB02953269F00AC13E2 /* Data Structure */ = {
			isa = PBXGroup;
			children = (
				B5F516652954448A00425BA8 /* DFS.swift */,
				B5F516672954451800425BA8 /* BFS.swift */,
				B5F516692954455D00425BA8 /* Queue.swift */,
				B5570AB42991F5D300D3760F /* Array.swift */,
			);
			path = "Data Structure";
			sourceTree = "<group>";
		};
		B5F5166B2955A7A900425BA8 /* 1차원 배열 */ = {
			isa = PBXGroup;
			children = (
				B5F5166C2955CD2600425BA8 /* 10807. 개수 세기.swift */,
				B5F516732955D1E800425BA8 /* 10871. X보다 작은 수.swift */,
				B550993C2959C1EB00B06316 /* 10818. 최소, 최대.swift */,
				B550993E2959CB0D00B06316 /* 2562. 최댓값.swift */,
				B55099402959DE8300B06316 /* 5597. 과제 안 내신 분..?.swift */,
				B5FD151629959DF8008342A9 /* 3052. 나머지.swift */,
				B5FD151829959F11008342A9 /* 1546. 평균.swift */,
				B5FD151A2995A1F7008342A9 /* 8958. OX퀴즈.swift */,
				B5FD151C2995A451008342A9 /* 4344. 평균은 넘겠지.swift */,
			);
			name = "1차원 배열";
			path = "1차원 배열";
			sourceTree = "<group>";
		};
		B5F5166E2955CE3100425BA8 /* 코딩테스트 */ = {
			isa = PBXGroup;
			children = (
				B5F5166F2955CE4500425BA8 /* NAVER */,
			);
			name = "코딩테스트";
			path = "코딩테스트";
			sourceTree = "<group>";
		};
		B5F5166F2955CE4500425BA8 /* NAVER */ = {
			isa = PBXGroup;
			children = (
				B5F516712955CE7600425BA8 /* 221222 네이버 코딩테스트.swift */,
			);
			path = NAVER;
			sourceTree = "<group>";
		};
		B5FD150229939EC8008342A9 /* 기본 수학 2 */ = {
			isa = PBXGroup;
			children = (
				B5FD150329939EE2008342A9 /* 1978. 소수 찾기.swift */,
				B5FD15052993A535008342A9 /* 2581. 소수.swift */,
				B5FD15072993A813008342A9 /* 11653. 소인수분해.swift */,
				B5FD15092993AE67008342A9 /* 1929. 소수 구하기.swift */,
				B5FD150B2993C0B6008342A9 /* 4948. 베르트랑 공준.swift */,
				B5FD150D2993EED6008342A9 /* 9020. 골드바흐의 추측.swift */,
			);
			name = "기본 수학 2";
			path = "기본 수학 2";
			sourceTree = "<group>";
		};
		B5FD150F299486B2008342A9 /* 2차원 배열 */ = {
			isa = PBXGroup;
			children = (
				B5FD1510299486D8008342A9 /* 2738. 행렬 덧셈.swift */,
				B5FD151229948E8D008342A9 /* 2566. 최댓값.swift */,
				B5FD15142994ABD2008342A9 /* 2563. 색종이.swift */,
			);
			name = "2차원 배열";
			path = "2차원 배열";
			sourceTree = "<group>";
		};
		B5FD155529974E61008342A9 /* 정렬 */ = {
			isa = PBXGroup;
			children = (
				B5FD155629974E76008342A9 /* 2750. 수 정렬하기.swift */,
				B5FD1564299E40D9008342A9 /* 2587. 대표값2.swift */,
				B5FD1566299E42DC008342A9 /* 25305. 커트라인.swift */,
				B5FD1568299E6022008342A9 /* 2751. 수 정렬하기 2.swift */,
			);
			name = "정렬";
			path = "정렬";
			sourceTree = "<group>";
		};
/* End PBXGroup section */

/* Begin PBXNativeTarget section */
		B5C96C872952B61A00AC13E2 /* Algorithm-Swift */ = {
			isa = PBXNativeTarget;
			buildConfigurationList = B5C96C8F2952B61A00AC13E2 /* Build configuration list for PBXNativeTarget "Algorithm-Swift" */;
			buildPhases = (
				B5C96C842952B61A00AC13E2 /* Sources */,
				B5C96C852952B61A00AC13E2 /* Frameworks */,
				B5C96C862952B61A00AC13E2 /* CopyFiles */,
			);
			buildRules = (
			);
			dependencies = (
			);
			name = "Algorithm-Swift";
			productName = "Algorithm-Swift";
			productReference = B5C96C882952B61A00AC13E2 /* Algorithm-Swift */;
			productType = "com.apple.product-type.tool";
		};
/* End PBXNativeTarget section */

/* Begin PBXProject section */
		B5C96C802952B61A00AC13E2 /* Project object */ = {
			isa = PBXProject;
			attributes = {
				BuildIndependentTargetsInParallel = 1;
				LastSwiftUpdateCheck = 1400;
				LastUpgradeCheck = 1400;
				TargetAttributes = {
					B5C96C872952B61A00AC13E2 = {
						CreatedOnToolsVersion = 14.0;
					};
				};
			};
			buildConfigurationList = B5C96C832952B61A00AC13E2 /* Build configuration list for PBXProject "Algorithm-Swift" */;
			compatibilityVersion = "Xcode 14.0";
			developmentRegion = en;
			hasScannedForEncodings = 0;
			knownRegions = (
				en,
				Base,
			);
			mainGroup = B5C96C7F2952B61A00AC13E2;
			productRefGroup = B5C96C892952B61A00AC13E2 /* Products */;
			projectDirPath = "";
			projectRoot = "";
			targets = (
				B5C96C872952B61A00AC13E2 /* Algorithm-Swift */,
			);
		};
/* End PBXProject section */

/* Begin PBXSourcesBuildPhase section */
		B5C96C842952B61A00AC13E2 /* Sources */ = {
			isa = PBXSourcesBuildPhase;
			buildActionMask = 2147483647;
			files = (
				B5FD151929959F11008342A9 /* 1546. 평균.swift in Sources */,
				B53AD4012A81DB6300B83B33 /* 30_3의개수는.swift in Sources */,
				B5570AC0299213C200D3760F /* 2675. 문자열 반복.swift in Sources */,
				B53AD4032A832BCA00B83B33 /* 31_탄화수소질량.swift in Sources */,
				B5ADC43B2A9588580077392D /* 47_봉우리.swift in Sources */,
				B5570AC4299224E900D3760F /* 1152. 단어의 개수.swift in Sources */,
				B53AD4222A8DA90800B83B33 /* 40_교집합.swift in Sources */,
				B53AD3E52A77548E00B83B33 /* 18_층간소음.swift in Sources */,
				B5C7FC122AA9611600862021 /* 73_최대힙.swift in Sources */,
				B5C96CBC2954235900AC13E2 /* 10952. A+B-5.swift in Sources */,
				B550993F2959CB0D00B06316 /* 2562. 최댓값.swift in Sources */,
				B5FD151B2995A1F7008342A9 /* 8958. OX퀴즈.swift in Sources */,
				B5C96C9A2952F04700AC13E2 /* 9498. 시험성적.swift in Sources */,
				B53AD4052A833B8500B83B33 /* 32_선택정렬.swift in Sources */,
				B5F516722955CE7600425BA8 /* 221222 네이버 코딩테스트.swift in Sources */,
				B5570AC8299226EE00D3760F /* 5622. 다이얼.swift in Sources */,
				B5C96CB6295336B400AC13E2 /* 11022. A+B-8.swift in Sources */,
				B50CEEB72A6F7A4700CF1C76 /* 04_나이차이.swift in Sources */,
				B5570ADB29933B8A00D3760F /* 2839. 설탕 배달.swift in Sources */,
				B5FD1569299E6022008342A9 /* 2751. 수 정렬하기 2.swift in Sources */,
				B5FD151329948E8D008342A9 /* 2566. 최댓값.swift in Sources */,
				B5F5166D2955CD2600425BA8 /* 10807. 개수 세기.swift in Sources */,
				B57CB2DC2A723DFF00474042 /* 08_올바른괄호.swift in Sources */,
				B58CA2F52A9C34BD00977592 /* 58_이진트리깊이우선탐색.swift in Sources */,
				B5F3F0FC2AA3138600FA1A32 /* 62_병합정렬.swift in Sources */,
				B5F51660295426C200425BA8 /* 10951. A+B-4.swift in Sources */,
				B5A0860A2A98595A00C8A98D /* 52_UglyNumbers.swift in Sources */,
				B50CEEB32A6E137100CF1C76 /* 02_자연수의합.swift in Sources */,
				B54B72AD2AA5851500D60E4B /* 67_최소비용.swift in Sources */,
				B57CB2E42A74B26200474042 /* 13_가장많이사용된자릿수.swift in Sources */,
				B57CB2E82A76100400474042 /* 15_소수의개수.swift in Sources */,
				B57CB2E62A74BB3300474042 /* 14_뒤집은소수.swift in Sources */,
				B50CEEA52A6D310100CF1C76 /* 01_1부터N까지M의배수합.swift in Sources */,
				B5C96C9E2952F4F900AC13E2 /* 14681. 사분면 고르기.swift in Sources */,
				B58CA31F2A9E9E7000977592 /* 61_특정수만들기.swift in Sources */,
				B54B72B32AA6C64700D60E4B /* 70_그래프최단거리.swift in Sources */,
				B53AD3E32A7750E800B83B33 /* 17_선생님퀴즈.swift in Sources */,
				B5C96CB42953352700AC13E2 /* 11021. A+B-7.swift in Sources */,
				B58CA30F2A9D874400977592 /* 60_합이같은부분집합.swift in Sources */,
				B5F516682954451800425BA8 /* BFS.swift in Sources */,
				B5570AC6299225F100D3760F /* 2908. 상수.swift in Sources */,
				B5570AD12992501300D3760F /* 2292. 벌집.swift in Sources */,
				B5F516742955D1E800425BA8 /* 10871. X보다 작은 수.swift in Sources */,
				B5AE11ED29D1A14100F86FF8 /* InsertionSort.swift in Sources */,
				B53AD3F72A7C94AF00B83B33 /* 24_JollyJumpers.swift in Sources */,
				B5570AD72992906B00D3760F /* 10250. ACM 호텔.swift in Sources */,
				B57CB2DE2A724CD500474042 /* 09_모두의약수.swift in Sources */,
				B53AD4172A8C67AC00B83B33 /* 38_InversionSequence.swift in Sources */,
				B5C96C952952B8D000AC13E2 /* 입출력과 사칙연산.swift in Sources */,
				B5FD151729959DF8008342A9 /* 3052. 나머지.swift in Sources */,
				B53AD42A2A91CA7B00B83B33 /* 44_마구간정하기.swift in Sources */,
				B5570AD32992598E00D3760F /* 1193. 분수찾기.swift in Sources */,
				B5C7FC142AA963BB00862021 /* 74_최소힙.swift in Sources */,
				B5570ABC29920FA500D3760F /* 11720. 숫자의 합.swift in Sources */,
				B57CB2E22A737C6100474042 /* 11_숫자의총개수.swift in Sources */,
				B54B72AB2AA4A04000D60E4B /* QuickSort.swift in Sources */,
				B53AD4202A8D9AE800B83B33 /* 39_두배열합치기.swift in Sources */,
				B5C96CA929531D8100AC13E2 /* 10950. A+B-3.swift in Sources */,
				B5C96CA4295313DD00AC13E2 /* 2480. 주사위 세개.swift in Sources */,
				B58CA2F12A9B032000977592 /* 56_재귀함수분석.swift in Sources */,
				B5F516662954448A00425BA8 /* DFS.swift in Sources */,
				B5A086082A9845CC00C8A98D /* 51_영지선택.swift in Sources */,
				B50CEEB92A6F7FD700CF1C76 /* 05_나이계산.swift in Sources */,
				B5570ACA29922BE500D3760F /* 2941. 크로아티아 알파벳.swift in Sources */,
				B5C96C8C2952B61A00AC13E2 /* main.swift in Sources */,
				B5FD150C2993C0B6008342A9 /* 4948. 베르트랑 공준.swift in Sources */,
				B5570AB52991F5D300D3760F /* Array.swift in Sources */,
				B5FD1511299486D8008342A9 /* 2738. 행렬 덧셈.swift in Sources */,
				B5C7FBF32AA8220900862021 /* 72_공주구하기.swift in Sources */,
				B57CB2D82A70BBD000474042 /* 06_숫자만추출.swift in Sources */,
				B5FD155729974E76008342A9 /* 2750. 수 정렬하기.swift in Sources */,
				B5FD150E2993EED6008342A9 /* 9020. 골드바흐의 추측.swift in Sources */,
				B5C96CAD2953207700AC13E2 /* 25304. 영수증.swift in Sources */,
				B550993D2959C1EB00B06316 /* 10818. 최소, 최대.swift in Sources */,
				B58CA30D2A9D826300977592 /* 59_부분집합.swift in Sources */,
				B5C96CA22952FC7000AC13E2 /* 2525. 오븐 시계.swift in Sources */,
				B54B72A92AA45C0300D60E4B /* MergeSort.swift in Sources */,
				B5AE11C929CEF2E300F86FF8 /* BubbleSort.swift in Sources */,
				B5C96CAB29531F3600AC13E2 /* 8398. 합.swift in Sources */,
				B5FD151D2995A451008342A9 /* 4344. 평균은 넘겠지.swift in Sources */,
				B53A35BB2A96E2B100B720BC /* 49_블록의최댓값.swift in Sources */,
				B53AD42C2A943AF700B83B33 /* 45_공주구하기.swift in Sources */,
				B54B72B52AA6D5AE00D60E4B /* HeapSort.swift in Sources */,
				B5570ABE2992115800D3760F /* 10809. 알파벳 찾기.swift in Sources */,
				B53AD40D2A8B696800B83B33 /* 36_삽입정렬.swift in Sources */,
				B5C96CB8295337B100AC13E2 /* 2438. 별 찍기-1.swift in Sources */,
				B53AD3FD2A807CE500B83B33 /* 27_N의표현법.swift in Sources */,
				B5570ADD29938B3900D3760F /* 10757. 큰수 A+B.swift in Sources */,
				B5570AD52992842200D3760F /* 2869. 달팽이는 올라가고 싶다.swift in Sources */,
				B53AD3F12A7BE5DA00B83B33 /* 21_카드게임.swift in Sources */,
				B53AD4282A91A93D00B83B33 /* 43_뮤직비디오.swift in Sources */,
				B5C96CBA2954225C00AC13E2 /* 2439. 별 찍기-2.swift in Sources */,
				B53AD3F52A7C90AF00B83B33 /* 23_연속부분증가수열.swift in Sources */,
				B5FD150A2993AE67008342A9 /* 1929. 소수 구하기.swift in Sources */,
				B5570ACF29924CD800D3760F /* 1712. 손익분기점.swift in Sources */,
				B5F5166A2954455D00425BA8 /* Queue.swift in Sources */,
				B5C96CB2295326B300AC13E2 /* FileIO.swift in Sources */,
				B5C96C982952ED6500AC13E2 /* 1330. 두 수 비교하기.swift in Sources */,
				B5F3F1002AA32DC300FA1A32 /* 64_경로탐색.swift in Sources */,
				B5570ACC2992466E00D3760F /* 1316. 그룹 단어 체커.swift in Sources */,
				B5C96C9C2952F1C000AC13E2 /* 2753. 윤년.swift in Sources */,
				B5AE11BF29CEE3ED00F86FF8 /* TimeMeasure.swift in Sources */,
				B5570AD929932BC300D3760F /* 2775. 부녀회장이 될테야.swift in Sources */,
				B5A086122A999C9700C8A98D /* 54_올바른괄호.swift in Sources */,
				B5F3F0FE2AA318AB00FA1A32 /* 63_인접행렬.swift in Sources */,
				B53AD4242A8F036E00B83B33 /* 41_연속된자연수의합.swift in Sources */,
				B5570ABA29920CCE00D3760F /* String.swift in Sources */,
				B5C96CAF295322E000AC13E2 /* 15552. 빠른 A+B.swift in Sources */,
				B53AD3F92A7F2C0700B83B33 /* 25_석차구하기.swift in Sources */,
				B5AE11C329CEE9F700F86FF8 /* SelectionSort.swift in Sources */,
				B5570AB82991F8A000D3760F /* 11654. 아스키 코드.swift in Sources */,
				B5F5166429543B3800425BA8 /* Sort.swift in Sources */,
				B5F51662295429F300425BA8 /* 1110. 더하기 사이클.swift in Sources */,
				B5A0860E2A99942900C8A98D /* 53_K진수출력.swift in Sources */,
				B5FD15152994ABD2008342A9 /* 2563. 색종이.swift in Sources */,
				B54B72B12AA6BC4100D60E4B /* 69_이진트리넓이우선탐색.swift in Sources */,
				B57CB2E02A736F0900474042 /* 10_자릿수의합.swift in Sources */,
				B544BB852991EA1A00485E31 /* 1065. 한수.swift in Sources */,
				B544BB832991E43500485E31 /* 4673. 셀프 넘버.swift in Sources */,
				B55469D92AAAC2D4004D9FE6 /* 75_최대수입스케줄.swift in Sources */,
				B57CB2EA2A76132800474042 /* 16_Anagram.swift in Sources */,
				B53A35BD2A96EA0900B720BC /* 50_영지선택.swift in Sources */,
				B5FD15062993A535008342A9 /* 2581. 소수.swift in Sources */,
				B5FD1567299E42DC008342A9 /* 25305. 커트라인.swift in Sources */,
				B5FD15082993A813008342A9 /* 11653. 소인수분해.swift in Sources */,
				B53AD3E92A78A2C200B83B33 /* 19_분노유발자.swift in Sources */,
				B53AD3FB2A7F306100B83B33 /* 26_말아톤.swift in Sources */,
				B5C7FBF12AA81C9500862021 /* 71_송아지찾기.swift in Sources */,
				B5570AC22992161F00D3760F /* 1157. 단어 공부.swift in Sources */,
				B53AD4152A8C5D4900B83B33 /* 37_LeastRecentlyUsed.swift in Sources */,
				B58CA2EF2A9AFB3500977592 /* 55_기차운행.swift in Sources */,
				B55099412959DE8300B06316 /* 5597. 과제 안 내신 분..?.swift in Sources */,
				B53AD4072A847FCB00B83B33 /* 33_3등의성적은.swift in Sources */,
				B53AD3F32A7BF17600B83B33 /* 22_온도의최대값.swift in Sources */,
				B5C96CA729531C1A00AC13E2 /* 2739. 구구단.swift in Sources */,
				B53AD4262A8F107800B83B33 /* 42_이분검색.swift in Sources */,
				B5ADC43D2A95927F0077392D /* 48_각행의평균과가장가까운값.swift in Sources */,
				B54B72A72AA42F5A00D60E4B /* 65_미로탐색.swift in Sources */,
				B53AD40B2A8B669400B83B33 /* 35_SpecialSort.swift in Sources */,
				B58CA2F32A9C2F2800977592 /* 57_재귀함수이진수출력.swift in Sources */,
				B53AD3EB2A78B1F600B83B33 /* 20_가위바위보.swift in Sources */,
				B5C96CA02952F8ED00AC13E2 /* 2884. 알람 시계.swift in Sources */,
				B57CB2DA2A70C54100474042 /* 07_영어단어복구.swift in Sources */,
				B5FD1565299E40D9008342A9 /* 2587. 대표값2.swift in Sources */,
				B53AD4092A84842800B83B33 /* 34_버블정렬.swift in Sources */,
				B50CEEB52A6E19F600CF1C76 /* 03_진약수의합.swift in Sources */,
				B53AD3FF2A80838400B83B33 /* 28_N의0의개수.swift in Sources */,
				B5FD150429939EE2008342A9 /* 1978. 소수 찾기.swift in Sources */,
				B53AD42E2A94430800B83B33 /* 46_멀티태스킹.swift in Sources */,
			);
			runOnlyForDeploymentPostprocessing = 0;
		};
/* End PBXSourcesBuildPhase section */

/* Begin XCBuildConfiguration section */
		B5C96C8D2952B61A00AC13E2 /* Debug */ = {
			isa = XCBuildConfiguration;
			buildSettings = {
				ALWAYS_SEARCH_USER_PATHS = NO;
				CLANG_ANALYZER_NONNULL = YES;
				CLANG_ANALYZER_NUMBER_OBJECT_CONVERSION = YES_AGGRESSIVE;
				CLANG_CXX_LANGUAGE_STANDARD = "gnu++20";
				CLANG_ENABLE_MODULES = YES;
				CLANG_ENABLE_OBJC_ARC = YES;
				CLANG_ENABLE_OBJC_WEAK = YES;
				CLANG_WARN_BLOCK_CAPTURE_AUTORELEASING = YES;
				CLANG_WARN_BOOL_CONVERSION = YES;
				CLANG_WARN_COMMA = YES;
				CLANG_WARN_CONSTANT_CONVERSION = YES;
				CLANG_WARN_DEPRECATED_OBJC_IMPLEMENTATIONS = YES;
				CLANG_WARN_DIRECT_OBJC_ISA_USAGE = YES_ERROR;
				CLANG_WARN_DOCUMENTATION_COMMENTS = YES;
				CLANG_WARN_EMPTY_BODY = YES;
				CLANG_WARN_ENUM_CONVERSION = YES;
				CLANG_WARN_INFINITE_RECURSION = YES;
				CLANG_WARN_INT_CONVERSION = YES;
				CLANG_WARN_NON_LITERAL_NULL_CONVERSION = YES;
				CLANG_WARN_OBJC_IMPLICIT_RETAIN_SELF = YES;
				CLANG_WARN_OBJC_LITERAL_CONVERSION = YES;
				CLANG_WARN_OBJC_ROOT_CLASS = YES_ERROR;
				CLANG_WARN_QUOTED_INCLUDE_IN_FRAMEWORK_HEADER = YES;
				CLANG_WARN_RANGE_LOOP_ANALYSIS = YES;
				CLANG_WARN_STRICT_PROTOTYPES = YES;
				CLANG_WARN_SUSPICIOUS_MOVE = YES;
				CLANG_WARN_UNGUARDED_AVAILABILITY = YES_AGGRESSIVE;
				CLANG_WARN_UNREACHABLE_CODE = YES;
				CLANG_WARN__DUPLICATE_METHOD_MATCH = YES;
				COPY_PHASE_STRIP = NO;
				DEBUG_INFORMATION_FORMAT = dwarf;
				ENABLE_STRICT_OBJC_MSGSEND = YES;
				ENABLE_TESTABILITY = YES;
				GCC_C_LANGUAGE_STANDARD = gnu11;
				GCC_DYNAMIC_NO_PIC = NO;
				GCC_NO_COMMON_BLOCKS = YES;
				GCC_OPTIMIZATION_LEVEL = 0;
				GCC_PREPROCESSOR_DEFINITIONS = (
					"DEBUG=1",
					"$(inherited)",
				);
				GCC_WARN_64_TO_32_BIT_CONVERSION = YES;
				GCC_WARN_ABOUT_RETURN_TYPE = YES_ERROR;
				GCC_WARN_UNDECLARED_SELECTOR = YES;
				GCC_WARN_UNINITIALIZED_AUTOS = YES_AGGRESSIVE;
				GCC_WARN_UNUSED_FUNCTION = YES;
				GCC_WARN_UNUSED_VARIABLE = YES;
				MACOSX_DEPLOYMENT_TARGET = 13.0;
				MTL_ENABLE_DEBUG_INFO = INCLUDE_SOURCE;
				MTL_FAST_MATH = YES;
				ONLY_ACTIVE_ARCH = YES;
				SDKROOT = macosx;
				SWIFT_ACTIVE_COMPILATION_CONDITIONS = DEBUG;
				SWIFT_OPTIMIZATION_LEVEL = "-Onone";
			};
			name = Debug;
		};
		B5C96C8E2952B61A00AC13E2 /* Release */ = {
			isa = XCBuildConfiguration;
			buildSettings = {
				ALWAYS_SEARCH_USER_PATHS = NO;
				CLANG_ANALYZER_NONNULL = YES;
				CLANG_ANALYZER_NUMBER_OBJECT_CONVERSION = YES_AGGRESSIVE;
				CLANG_CXX_LANGUAGE_STANDARD = "gnu++20";
				CLANG_ENABLE_MODULES = YES;
				CLANG_ENABLE_OBJC_ARC = YES;
				CLANG_ENABLE_OBJC_WEAK = YES;
				CLANG_WARN_BLOCK_CAPTURE_AUTORELEASING = YES;
				CLANG_WARN_BOOL_CONVERSION = YES;
				CLANG_WARN_COMMA = YES;
				CLANG_WARN_CONSTANT_CONVERSION = YES;
				CLANG_WARN_DEPRECATED_OBJC_IMPLEMENTATIONS = YES;
				CLANG_WARN_DIRECT_OBJC_ISA_USAGE = YES_ERROR;
				CLANG_WARN_DOCUMENTATION_COMMENTS = YES;
				CLANG_WARN_EMPTY_BODY = YES;
				CLANG_WARN_ENUM_CONVERSION = YES;
				CLANG_WARN_INFINITE_RECURSION = YES;
				CLANG_WARN_INT_CONVERSION = YES;
				CLANG_WARN_NON_LITERAL_NULL_CONVERSION = YES;
				CLANG_WARN_OBJC_IMPLICIT_RETAIN_SELF = YES;
				CLANG_WARN_OBJC_LITERAL_CONVERSION = YES;
				CLANG_WARN_OBJC_ROOT_CLASS = YES_ERROR;
				CLANG_WARN_QUOTED_INCLUDE_IN_FRAMEWORK_HEADER = YES;
				CLANG_WARN_RANGE_LOOP_ANALYSIS = YES;
				CLANG_WARN_STRICT_PROTOTYPES = YES;
				CLANG_WARN_SUSPICIOUS_MOVE = YES;
				CLANG_WARN_UNGUARDED_AVAILABILITY = YES_AGGRESSIVE;
				CLANG_WARN_UNREACHABLE_CODE = YES;
				CLANG_WARN__DUPLICATE_METHOD_MATCH = YES;
				COPY_PHASE_STRIP = NO;
				DEBUG_INFORMATION_FORMAT = "dwarf-with-dsym";
				ENABLE_NS_ASSERTIONS = NO;
				ENABLE_STRICT_OBJC_MSGSEND = YES;
				GCC_C_LANGUAGE_STANDARD = gnu11;
				GCC_NO_COMMON_BLOCKS = YES;
				GCC_WARN_64_TO_32_BIT_CONVERSION = YES;
				GCC_WARN_ABOUT_RETURN_TYPE = YES_ERROR;
				GCC_WARN_UNDECLARED_SELECTOR = YES;
				GCC_WARN_UNINITIALIZED_AUTOS = YES_AGGRESSIVE;
				GCC_WARN_UNUSED_FUNCTION = YES;
				GCC_WARN_UNUSED_VARIABLE = YES;
				MACOSX_DEPLOYMENT_TARGET = 13.0;
				MTL_ENABLE_DEBUG_INFO = NO;
				MTL_FAST_MATH = YES;
				SDKROOT = macosx;
				SWIFT_COMPILATION_MODE = wholemodule;
				SWIFT_OPTIMIZATION_LEVEL = "-O";
			};
			name = Release;
		};
		B5C96C902952B61A00AC13E2 /* Debug */ = {
			isa = XCBuildConfiguration;
			buildSettings = {
				CODE_SIGN_STYLE = Automatic;
				MACOSX_DEPLOYMENT_TARGET = 13.0;
				PRODUCT_NAME = "$(TARGET_NAME)";
				SWIFT_VERSION = 5.0;
			};
			name = Debug;
		};
		B5C96C912952B61A00AC13E2 /* Release */ = {
			isa = XCBuildConfiguration;
			buildSettings = {
				CODE_SIGN_STYLE = Automatic;
				MACOSX_DEPLOYMENT_TARGET = 13.0;
				PRODUCT_NAME = "$(TARGET_NAME)";
				SWIFT_VERSION = 5.0;
			};
			name = Release;
		};
/* End XCBuildConfiguration section */

/* Begin XCConfigurationList section */
		B5C96C832952B61A00AC13E2 /* Build configuration list for PBXProject "Algorithm-Swift" */ = {
			isa = XCConfigurationList;
			buildConfigurations = (
				B5C96C8D2952B61A00AC13E2 /* Debug */,
				B5C96C8E2952B61A00AC13E2 /* Release */,
			);
			defaultConfigurationIsVisible = 0;
			defaultConfigurationName = Release;
		};
		B5C96C8F2952B61A00AC13E2 /* Build configuration list for PBXNativeTarget "Algorithm-Swift" */ = {
			isa = XCConfigurationList;
			buildConfigurations = (
				B5C96C902952B61A00AC13E2 /* Debug */,
				B5C96C912952B61A00AC13E2 /* Release */,
			);
			defaultConfigurationIsVisible = 0;
			defaultConfigurationName = Release;
		};
/* End XCConfigurationList section */
	};
	rootObject = B5C96C802952B61A00AC13E2 /* Project object */;
}
